
Microsoft Visual Studio Solution File, Format Version 10.00
# Visual Studio 2008
Project("{FAE04EC0-301F-11D3-BF4B-00C04F79EFBC}") = "nunitlite-netcf-2.0", "src\framework\nunitlite-netcf-2.0.csproj", "{BED999D7-F594-4CE4-A037-E40E2B9C1288}"
EndProject
Project("{FAE04EC0-301F-11D3-BF4B-00C04F79EFBC}") = "nunitlite.testdata-netcf-2.0", "src\testdata\nunitlite.testdata-netcf-2.0.csproj", "{F67E80E8-DF9F-4C66-9142-5002FA638EB7}"
EndProject
Project("{FAE04EC0-301F-11D3-BF4B-00C04F79EFBC}") = "nunitlite.tests-netcf-2.0", "src\tests\nunitlite.tests-netcf-2.0.csproj", "{4B518BF0-D523-4F75-AF3B-9B41865E634A}"
EndProject
Project("{FAE04EC0-301F-11D3-BF4B-00C04F79EFBC}") = "mock-assembly-netcf-2.0", "src\mock-assembly\mock-assembly-netcf-2.0.csproj", "{33EA4538-3452-42ED-92A9-4CC3B25032AD}"
EndProject
Global
	GlobalSection(SolutionConfigurationPlatforms) = preSolution
		Debug|Any CPU = Debug|Any CPU
		Release|Any CPU = Release|Any CPU
	EndGlobalSection
	GlobalSection(ProjectConfigurationPlatforms) = postSolution
		{BED999D7-F594-4CE4-A037-E40E2B9C1288}.Debug|Any CPU.ActiveCfg = Debug|Any CPU
		{BED999D7-F594-4CE4-A037-E40E2B9C1288}.Debug|Any CPU.Build.0 = Debug|Any CPU
		{BED999D7-F594-4CE4-A037-E40E2B9C1288}.Release|Any CPU.ActiveCfg = Release|Any CPU
		{BED999D7-F594-4CE4-A037-E40E2B9C1288}.Release|Any CPU.Build.0 = Release|Any CPU
		{F67E80E8-DF9F-4C66-9142-5002FA638EB7}.Debug|Any CPU.ActiveCfg = Debug|Any CPU
		{F67E80E8-DF9F-4C66-9142-5002FA638EB7}.Debug|Any CPU.Build.0 = Debug|Any CPU
		{F67E80E8-DF9F-4C66-9142-5002FA638EB7}.Release|Any CPU.ActiveCfg = Release|Any CPU
		{F67E80E8-DF9F-4C66-9142-5002FA638EB7}.Release|Any CPU.Build.0 = Release|Any CPU
		{4B518BF0-D523-4F75-AF3B-9B41865E634A}.Debug|Any CPU.ActiveCfg = Debug|Any CPU
		{4B518BF0-D523-4F75-AF3B-9B41865E634A}.Debug|Any CPU.Build.0 = Debug|Any CPU
		{4B518BF0-D523-4F75-AF3B-9B41865E634A}.Debug|Any CPU.Deploy.0 = Debug|Any CPU
		{4B518BF0-D523-4F75-AF3B-9B41865E634A}.Release|Any CPU.ActiveCfg = Release|Any CPU
		{4B518BF0-D523-4F75-AF3B-9B41865E634A}.Release|Any CPU.Build.0 = Release|Any CPU
		{4B518BF0-D523-4F75-AF3B-9B41865E634A}.Release|Any CPU.Deploy.0 = Release|Any CPU
		{33EA4538-3452-42ED-92A9-4CC3B25032AD}.Debug|Any CPU.ActiveCfg = Debug|Any CPU
		{33EA4538-3452-42ED-92A9-4CC3B25032AD}.Debug|Any CPU.Build.0 = Debug|Any CPU
		{33EA4538-3452-42ED-92A9-4CC3B25032AD}.Release|Any CPU.ActiveCfg = Release|Any CPU
		{33EA4538-3452-42ED-92A9-4CC3B25032AD}.Release|Any CPU.Build.0 = Release|Any CPU
	EndGlobalSection
	GlobalSection(SolutionProperties) = preSolution
		HideSolutionNode = FALSE
	EndGlobalSection
EndGlobal
