Microsoft Visual Studio Solution File, Format Version 9.00
# Visual Studio 2005
Project("{FAE04EC0-301F-11D3-BF4B-00C04F79EFBC}") = "W3C20.J2EE", "W3C20.J2EE.csproj", "{4A29F8EF-255A-444D-BAB9-3AB3A2CD72AD}"
EndProject
Global
	GlobalSection(SolutionConfigurationPlatforms) = preSolution
		Debug_Java|Any CPU = Debug_Java|Any CPU
		Debug_Java20|Any CPU = Debug_Java20|Any CPU
		Release_Java|Any CPU = Release_Java|Any CPU
		Release_Java20|Any CPU = Release_Java20|Any CPU
	EndGlobalSection
	GlobalSection(ProjectConfigurationPlatforms) = postSolution
		{4A29F8EF-255A-444D-BAB9-3AB3A2CD72AD}.Debug_Java|Any CPU.ActiveCfg = Debug_Java20|Any CPU
		{4A29F8EF-255A-444D-BAB9-3AB3A2CD72AD}.Debug_Java|Any CPU.Build.0 = Debug_Java20|Any CPU
		{4A29F8EF-255A-444D-BAB9-3AB3A2CD72AD}.Debug_Java20|Any CPU.ActiveCfg = Debug_Java20|Any CPU
		{4A29F8EF-255A-444D-BAB9-3AB3A2CD72AD}.Debug_Java20|Any CPU.Build.0 = Debug_Java20|Any CPU
		{4A29F8EF-255A-444D-BAB9-3AB3A2CD72AD}.Release_Java|Any CPU.ActiveCfg = Release_Java|Any CPU
		{4A29F8EF-255A-444D-BAB9-3AB3A2CD72AD}.Release_Java|Any CPU.Build.0 = Release_Java|Any CPU
		{4A29F8EF-255A-444D-BAB9-3AB3A2CD72AD}.Release_Java20|Any CPU.ActiveCfg = Release_Java|Any CPU
		{4A29F8EF-255A-444D-BAB9-3AB3A2CD72AD}.Release_Java20|Any CPU.Build.0 = Release_Java|Any CPU
	EndGlobalSection
	GlobalSection(SolutionProperties) = preSolution
		HideSolutionNode = FALSE
	EndGlobalSection
EndGlobal
