
Microsoft Visual Studio Solution File, Format Version 9.00
# Visual Studio 2005
Project("{FAE04EC0-301F-11D3-BF4B-00C04F79EFBC}") = "System.Runtime.Remoting_2_0", "System.Runtime.Remoting_2_0.csproj", "{C4523363-42B4-486B-9422-B52B7D4CA3CF}"
EndProject
Global
	GlobalSection(SolutionConfigurationPlatforms) = preSolution
		Debug_Java|Any CPU = Debug_Java|Any CPU
		Debug_Java20|Any CPU = Debug_Java20|Any CPU
		Release_Java|Any CPU = Release_Java|Any CPU
		Release_Java20|Any CPU = Release_Java20|Any CPU
	EndGlobalSection
	GlobalSection(ProjectConfigurationPlatforms) = postSolution
		{C4523363-42B4-486B-9422-B52B7D4CA3CF}.Debug_Java|Any CPU.ActiveCfg = Debug_Java|Any CPU
		{C4523363-42B4-486B-9422-B52B7D4CA3CF}.Debug_Java|Any CPU.Build.0 = Debug_Java|Any CPU
		{C4523363-42B4-486B-9422-B52B7D4CA3CF}.Debug_Java20|Any CPU.ActiveCfg = Debug_Java20|Any CPU
		{C4523363-42B4-486B-9422-B52B7D4CA3CF}.Debug_Java20|Any CPU.Build.0 = Debug_Java20|Any CPU
		{C4523363-42B4-486B-9422-B52B7D4CA3CF}.Release_Java|Any CPU.ActiveCfg = Release_Java|Any CPU
		{C4523363-42B4-486B-9422-B52B7D4CA3CF}.Release_Java|Any CPU.Build.0 = Release_Java|Any CPU
		{C4523363-42B4-486B-9422-B52B7D4CA3CF}.Release_Java20|Any CPU.ActiveCfg = Release_Java20|Any CPU
		{C4523363-42B4-486B-9422-B52B7D4CA3CF}.Release_Java20|Any CPU.Build.0 = Release_Java20|Any CPU
	EndGlobalSection
	GlobalSection(SolutionProperties) = preSolution
		HideSolutionNode = FALSE
	EndGlobalSection
EndGlobal
