Microsoft Visual Studio Solution File, Format Version 8.00
Project("{83B010C7-76FC-4FAD-A26C-00D7EFE60256}") = "System.Runtime.Serialization.Formatters.Soap", "System.Runtime.Serialization.Formatters.Soap.vmwcsproj", "{ED793423-F625-4C8F-8587-C29D8E79ECC7}"
	ProjectSection(ProjectDependencies) = postProject
	EndProjectSection
EndProject
Global
	GlobalSection(SolutionConfiguration) = preSolution
		Debug_Java = Debug_Java
		Release_Java = Release_Java
	EndGlobalSection
	GlobalSection(ProjectConfiguration) = postSolution
		{ED793423-F625-4C8F-8587-C29D8E79ECC7}.Debug_Java.ActiveCfg = Debug_Java|.NET
		{ED793423-F625-4C8F-8587-C29D8E79ECC7}.Debug_Java.Build.0 = Debug_Java|.NET
		{ED793423-F625-4C8F-8587-C29D8E79ECC7}.Release_Java.ActiveCfg = Release_Java|.NET
		{ED793423-F625-4C8F-8587-C29D8E79ECC7}.Release_Java.Build.0 = Release_Java|.NET
	EndGlobalSection
	GlobalSection(ExtensibilityGlobals) = postSolution
	EndGlobalSection
	GlobalSection(ExtensibilityAddIns) = postSolution
	EndGlobalSection
EndGlobal
