Microsoft Visual Studio Solution File, Format Version 10.00
# Visual Studio 2008
Project("{FAE04EC0-301F-11D3-BF4B-00C04F79EFBC}") = "TestMonoWeb20", "TestMonoWeb20.csproj", "{7180B7A7-D0AB-4397-AC0A-CDB1A9DE6417}"
EndProject
Project("{FAE04EC0-301F-11D3-BF4B-00C04F79EFBC}") = "NunitWeb20", "mainsoft\NunitWeb\NunitWeb\NunitWeb20.csproj", "{DC2320EB-CC91-4648-AF2B-8937F6794A14}"
EndProject
Project("{FAE04EC0-301F-11D3-BF4B-00C04F79EFBC}") = "HtmlCompare20", "mainsoft\MainsoftWebTest\HtmlCompare20.csproj", "{C3375963-9409-41A1-ADD2-1076F5A90BDE}"
EndProject
Project("{FAE04EC0-301F-11D3-BF4B-00C04F79EFBC}") = "MainsoftWebApp20", "mainsoft\MainsoftWebApp20\MainsoftWebApp20.csproj", "{C14E7AA4-23AD-417D-9A63-62DE9036C9BB}"
EndProject
Global
	GlobalSection(SolutionConfigurationPlatforms) = preSolution
		Debug_Java|Any CPU = Debug_Java|Any CPU
		Debug_Java20|Any CPU = Debug_Java20|Any CPU
		Release_Java|Any CPU = Release_Java|Any CPU
	EndGlobalSection
	GlobalSection(ProjectConfigurationPlatforms) = postSolution
		{7180B7A7-D0AB-4397-AC0A-CDB1A9DE6417}.Debug_Java|Any CPU.ActiveCfg = Debug_Java|Any CPU
		{7180B7A7-D0AB-4397-AC0A-CDB1A9DE6417}.Debug_Java|Any CPU.Build.0 = Debug_Java|Any CPU
		{7180B7A7-D0AB-4397-AC0A-CDB1A9DE6417}.Debug_Java20|Any CPU.ActiveCfg = Debug_Java20|Any CPU
		{7180B7A7-D0AB-4397-AC0A-CDB1A9DE6417}.Debug_Java20|Any CPU.Build.0 = Debug_Java20|Any CPU
		{7180B7A7-D0AB-4397-AC0A-CDB1A9DE6417}.Release_Java|Any CPU.ActiveCfg = Release_Java|Any CPU
		{7180B7A7-D0AB-4397-AC0A-CDB1A9DE6417}.Release_Java|Any CPU.Build.0 = Release_Java|Any CPU
		{DC2320EB-CC91-4648-AF2B-8937F6794A14}.Debug_Java|Any CPU.ActiveCfg = Debug_Java|Any CPU
		{DC2320EB-CC91-4648-AF2B-8937F6794A14}.Debug_Java|Any CPU.Build.0 = Debug_Java|Any CPU
		{DC2320EB-CC91-4648-AF2B-8937F6794A14}.Debug_Java20|Any CPU.ActiveCfg = Debug_Java20|Any CPU
		{DC2320EB-CC91-4648-AF2B-8937F6794A14}.Debug_Java20|Any CPU.Build.0 = Debug_Java20|Any CPU
		{DC2320EB-CC91-4648-AF2B-8937F6794A14}.Release_Java|Any CPU.ActiveCfg = Release_Java|Any CPU
		{DC2320EB-CC91-4648-AF2B-8937F6794A14}.Release_Java|Any CPU.Build.0 = Release_Java|Any CPU
		{C3375963-9409-41A1-ADD2-1076F5A90BDE}.Debug_Java|Any CPU.ActiveCfg = Debug_Java|Any CPU
		{C3375963-9409-41A1-ADD2-1076F5A90BDE}.Debug_Java|Any CPU.Build.0 = Debug_Java|Any CPU
		{C3375963-9409-41A1-ADD2-1076F5A90BDE}.Debug_Java20|Any CPU.ActiveCfg = Debug_Java20|Any CPU
		{C3375963-9409-41A1-ADD2-1076F5A90BDE}.Debug_Java20|Any CPU.Build.0 = Debug_Java20|Any CPU
		{C3375963-9409-41A1-ADD2-1076F5A90BDE}.Release_Java|Any CPU.ActiveCfg = Release_Java|Any CPU
		{C3375963-9409-41A1-ADD2-1076F5A90BDE}.Release_Java|Any CPU.Build.0 = Release_Java|Any CPU
		{C14E7AA4-23AD-417D-9A63-62DE9036C9BB}.Debug_Java|Any CPU.ActiveCfg = Debug_Java|Any CPU
		{C14E7AA4-23AD-417D-9A63-62DE9036C9BB}.Debug_Java|Any CPU.Build.0 = Debug_Java|Any CPU
		{C14E7AA4-23AD-417D-9A63-62DE9036C9BB}.Debug_Java20|Any CPU.ActiveCfg = Debug_Java20|Any CPU
		{C14E7AA4-23AD-417D-9A63-62DE9036C9BB}.Debug_Java20|Any CPU.Build.0 = Debug_Java20|Any CPU
		{C14E7AA4-23AD-417D-9A63-62DE9036C9BB}.Release_Java|Any CPU.ActiveCfg = Release_Java|Any CPU
		{C14E7AA4-23AD-417D-9A63-62DE9036C9BB}.Release_Java|Any CPU.Build.0 = Release_Java|Any CPU
	EndGlobalSection
	GlobalSection(SolutionProperties) = preSolution
		HideSolutionNode = FALSE
	EndGlobalSection
EndGlobal
