Microsoft Visual Studio Solution File, Format Version 10.00
# Visual Studio 2008
Project("{FAE04EC0-301F-11D3-BF4B-00C04F79EFBC}") = "C5", "C5\C5.csproj", "{D70489CD-ABDA-48FF-BD1E-BE3F7495BE71}"
	ProjectSection(ProjectDependencies) = postProject
		{6222CA51-7D1A-4D42-B6A7-B5CE9608C18F} = {6222CA51-7D1A-4D42-B6A7-B5CE9608C18F}
	EndProjectSection
EndProject
Project("{FAE04EC0-301F-11D3-BF4B-00C04F79EFBC}") = "Test", "Test\nunit.csproj", "{08CBFDEB-A2E2-4F0E-A4E1-B996B05569DE}"
EndProject
Project("{FAE04EC0-301F-11D3-BF4B-00C04F79EFBC}") = "UserGuideExamples", "UserGuideExamples\UserGuideExamples.csproj", "{B2A29FF2-A5C5-4F07-8CE7-FF5D744D7562}"
EndProject
Global
	GlobalSection(SolutionConfigurationPlatforms) = preSolution
		Debug|Any CPU = Debug|Any CPU
		Debug|Mixed platforms = Debug|Mixed platforms
		Debug|Win32 = Debug|Win32
		Release|Any CPU = Release|Any CPU
		Release|Mixed platforms = Release|Mixed platforms
		Release|Win32 = Release|Win32
	EndGlobalSection
	GlobalSection(ProjectConfigurationPlatforms) = postSolution
		{08CBFDEB-A2E2-4F0E-A4E1-B996B05569DE}.Debug|Any CPU.ActiveCfg = Debug|Any CPU
		{08CBFDEB-A2E2-4F0E-A4E1-B996B05569DE}.Debug|Any CPU.Build.0 = Debug|Any CPU
		{08CBFDEB-A2E2-4F0E-A4E1-B996B05569DE}.Debug|Mixed platforms.ActiveCfg = Debug|Any CPU
		{08CBFDEB-A2E2-4F0E-A4E1-B996B05569DE}.Debug|Mixed platforms.Build.0 = Debug|Any CPU
		{08CBFDEB-A2E2-4F0E-A4E1-B996B05569DE}.Debug|Win32.ActiveCfg = Debug|Any CPU
		{08CBFDEB-A2E2-4F0E-A4E1-B996B05569DE}.Debug|Win32.Build.0 = Debug|Any CPU
		{08CBFDEB-A2E2-4F0E-A4E1-B996B05569DE}.Release|Any CPU.ActiveCfg = Release|Any CPU
		{08CBFDEB-A2E2-4F0E-A4E1-B996B05569DE}.Release|Mixed platforms.ActiveCfg = Release|Any CPU
		{08CBFDEB-A2E2-4F0E-A4E1-B996B05569DE}.Release|Mixed platforms.Build.0 = Release|Any CPU
		{08CBFDEB-A2E2-4F0E-A4E1-B996B05569DE}.Release|Win32.ActiveCfg = Release|Any CPU
		{B2A29FF2-A5C5-4F07-8CE7-FF5D744D7562}.Debug|Any CPU.ActiveCfg = Debug|Any CPU
		{B2A29FF2-A5C5-4F07-8CE7-FF5D744D7562}.Debug|Any CPU.Build.0 = Debug|Any CPU
		{B2A29FF2-A5C5-4F07-8CE7-FF5D744D7562}.Debug|Mixed platforms.ActiveCfg = Debug|Any CPU
		{B2A29FF2-A5C5-4F07-8CE7-FF5D744D7562}.Debug|Mixed platforms.Build.0 = Debug|Any CPU
		{B2A29FF2-A5C5-4F07-8CE7-FF5D744D7562}.Debug|Win32.ActiveCfg = Debug|Any CPU
		{B2A29FF2-A5C5-4F07-8CE7-FF5D744D7562}.Debug|Win32.Build.0 = Debug|Any CPU
		{B2A29FF2-A5C5-4F07-8CE7-FF5D744D7562}.Release|Any CPU.ActiveCfg = Release|Any CPU
		{B2A29FF2-A5C5-4F07-8CE7-FF5D744D7562}.Release|Any CPU.Build.0 = Release|Any CPU
		{B2A29FF2-A5C5-4F07-8CE7-FF5D744D7562}.Release|Mixed platforms.ActiveCfg = Release|Any CPU
		{B2A29FF2-A5C5-4F07-8CE7-FF5D744D7562}.Release|Mixed platforms.Build.0 = Release|Any CPU
		{B2A29FF2-A5C5-4F07-8CE7-FF5D744D7562}.Release|Win32.ActiveCfg = Release|Any CPU
	EndGlobalSection
	GlobalSection(SolutionProperties) = preSolution
		HideSolutionNode = FALSE
	EndGlobalSection
EndGlobal
