Microsoft Visual Studio Solution File, Format Version 11.00
# Visual Studio 2010
Project("{FAE04EC0-301F-11D3-BF4B-00C04F79EFBC}") = "C5", "C5\C5.csproj", "{D70489CD-ABDA-48FF-BD1E-BE3F7495BE71}"
	ProjectSection(ProjectDependencies) = postProject
		{6222CA51-7D1A-4D42-B6A7-B5CE9608C18F} = {6222CA51-7D1A-4D42-B6A7-B5CE9608C18F}
	EndProjectSection
EndProject
Project("{FAE04EC0-301F-11D3-BF4B-00C04F79EFBC}") = "nunit", "nunit\nunit.csproj", "{08CBFDEB-A2E2-4F0E-A4E1-B996B05569DE}"
EndProject
Project("{FAE04EC0-301F-11D3-BF4B-00C04F79EFBC}") = "docNet", "docNet\docNet.csproj", "{42811A81-6A99-4C7A-A6DA-DF104C767B72}"
EndProject
Project("{FAE04EC0-301F-11D3-BF4B-00C04F79EFBC}") = "UserGuideExamples", "UserGuideExamples\UserGuideExamples.csproj", "{B2A29FF2-A5C5-4F07-8CE7-FF5D744D7562}"
EndProject
Project("{FAE04EC0-301F-11D3-BF4B-00C04F79EFBC}") = "PreProcess", "PreProcess\PreProcess.csproj", "{6222CA51-7D1A-4D42-B6A7-B5CE9608C18F}"
EndProject
Global
	GlobalSection(SolutionConfigurationPlatforms) = preSolution
		Debug|Any CPU = Debug|Any CPU
		Debug|Mixed platforms = Debug|Mixed platforms
		Debug|Win32 = Debug|Win32
		DebugSnk|Any CPU = DebugSnk|Any CPU
		DebugSnk|Mixed platforms = DebugSnk|Mixed platforms
		DebugSnk|Win32 = DebugSnk|Win32
		Release|Any CPU = Release|Any CPU
		Release|Mixed platforms = Release|Mixed platforms
		Release|Win32 = Release|Win32
		ReleaseSnk|Any CPU = ReleaseSnk|Any CPU
		ReleaseSnk|Mixed platforms = ReleaseSnk|Mixed platforms
		ReleaseSnk|Win32 = ReleaseSnk|Win32
	EndGlobalSection
	GlobalSection(ProjectConfigurationPlatforms) = postSolution
		{D70489CD-ABDA-48FF-BD1E-BE3F7495BE71}.Debug|Any CPU.ActiveCfg = Debug|Any CPU
		{D70489CD-ABDA-48FF-BD1E-BE3F7495BE71}.Debug|Any CPU.Build.0 = Debug|Any CPU
		{D70489CD-ABDA-48FF-BD1E-BE3F7495BE71}.Debug|Mixed platforms.ActiveCfg = Debug|Any CPU
		{D70489CD-ABDA-48FF-BD1E-BE3F7495BE71}.Debug|Mixed platforms.Build.0 = Debug|Any CPU
		{D70489CD-ABDA-48FF-BD1E-BE3F7495BE71}.Debug|Win32.ActiveCfg = Debug|Any CPU
		{D70489CD-ABDA-48FF-BD1E-BE3F7495BE71}.Debug|Win32.Build.0 = Debug|Any CPU
		{D70489CD-ABDA-48FF-BD1E-BE3F7495BE71}.DebugSnk|Any CPU.ActiveCfg = DebugSnk|Any CPU
		{D70489CD-ABDA-48FF-BD1E-BE3F7495BE71}.DebugSnk|Any CPU.Build.0 = DebugSnk|Any CPU
		{D70489CD-ABDA-48FF-BD1E-BE3F7495BE71}.DebugSnk|Mixed platforms.ActiveCfg = DebugSnk|Any CPU
		{D70489CD-ABDA-48FF-BD1E-BE3F7495BE71}.DebugSnk|Mixed platforms.Build.0 = DebugSnk|Any CPU
		{D70489CD-ABDA-48FF-BD1E-BE3F7495BE71}.DebugSnk|Win32.ActiveCfg = DebugSnk|Any CPU
		{D70489CD-ABDA-48FF-BD1E-BE3F7495BE71}.DebugSnk|Win32.Build.0 = DebugSnk|Any CPU
		{D70489CD-ABDA-48FF-BD1E-BE3F7495BE71}.Release|Any CPU.ActiveCfg = Release|Any CPU
		{D70489CD-ABDA-48FF-BD1E-BE3F7495BE71}.Release|Any CPU.Build.0 = Release|Any CPU
		{D70489CD-ABDA-48FF-BD1E-BE3F7495BE71}.Release|Mixed platforms.ActiveCfg = Release|Any CPU
		{D70489CD-ABDA-48FF-BD1E-BE3F7495BE71}.Release|Mixed platforms.Build.0 = Release|Any CPU
		{D70489CD-ABDA-48FF-BD1E-BE3F7495BE71}.Release|Win32.ActiveCfg = Release|Any CPU
		{D70489CD-ABDA-48FF-BD1E-BE3F7495BE71}.ReleaseSnk|Any CPU.ActiveCfg = ReleaseSnk|Any CPU
		{D70489CD-ABDA-48FF-BD1E-BE3F7495BE71}.ReleaseSnk|Any CPU.Build.0 = ReleaseSnk|Any CPU
		{D70489CD-ABDA-48FF-BD1E-BE3F7495BE71}.ReleaseSnk|Mixed platforms.ActiveCfg = ReleaseSnk|Any CPU
		{D70489CD-ABDA-48FF-BD1E-BE3F7495BE71}.ReleaseSnk|Mixed platforms.Build.0 = ReleaseSnk|Any CPU
		{D70489CD-ABDA-48FF-BD1E-BE3F7495BE71}.ReleaseSnk|Win32.ActiveCfg = ReleaseSnk|Any CPU
		{D70489CD-ABDA-48FF-BD1E-BE3F7495BE71}.ReleaseSnk|Win32.Build.0 = ReleaseSnk|Any CPU
		{08CBFDEB-A2E2-4F0E-A4E1-B996B05569DE}.Debug|Any CPU.ActiveCfg = Debug|Any CPU
		{08CBFDEB-A2E2-4F0E-A4E1-B996B05569DE}.Debug|Any CPU.Build.0 = Debug|Any CPU
		{08CBFDEB-A2E2-4F0E-A4E1-B996B05569DE}.Debug|Mixed platforms.ActiveCfg = Debug|Any CPU
		{08CBFDEB-A2E2-4F0E-A4E1-B996B05569DE}.Debug|Mixed platforms.Build.0 = Debug|Any CPU
		{08CBFDEB-A2E2-4F0E-A4E1-B996B05569DE}.Debug|Win32.ActiveCfg = Debug|Any CPU
		{08CBFDEB-A2E2-4F0E-A4E1-B996B05569DE}.Debug|Win32.Build.0 = Debug|Any CPU
		{08CBFDEB-A2E2-4F0E-A4E1-B996B05569DE}.DebugSnk|Any CPU.ActiveCfg = DebugSnk|Any CPU
		{08CBFDEB-A2E2-4F0E-A4E1-B996B05569DE}.DebugSnk|Any CPU.Build.0 = DebugSnk|Any CPU
		{08CBFDEB-A2E2-4F0E-A4E1-B996B05569DE}.DebugSnk|Mixed platforms.ActiveCfg = DebugSnk|Any CPU
		{08CBFDEB-A2E2-4F0E-A4E1-B996B05569DE}.DebugSnk|Mixed platforms.Build.0 = DebugSnk|Any CPU
		{08CBFDEB-A2E2-4F0E-A4E1-B996B05569DE}.DebugSnk|Win32.ActiveCfg = DebugSnk|Any CPU
		{08CBFDEB-A2E2-4F0E-A4E1-B996B05569DE}.DebugSnk|Win32.Build.0 = DebugSnk|Any CPU
		{08CBFDEB-A2E2-4F0E-A4E1-B996B05569DE}.Release|Any CPU.ActiveCfg = Release|Any CPU
		{08CBFDEB-A2E2-4F0E-A4E1-B996B05569DE}.Release|Mixed platforms.ActiveCfg = Release|Any CPU
		{08CBFDEB-A2E2-4F0E-A4E1-B996B05569DE}.Release|Mixed platforms.Build.0 = Release|Any CPU
		{08CBFDEB-A2E2-4F0E-A4E1-B996B05569DE}.Release|Win32.ActiveCfg = Release|Any CPU
		{08CBFDEB-A2E2-4F0E-A4E1-B996B05569DE}.ReleaseSnk|Any CPU.ActiveCfg = ReleaseSnk|Any CPU
		{08CBFDEB-A2E2-4F0E-A4E1-B996B05569DE}.ReleaseSnk|Any CPU.Build.0 = ReleaseSnk|Any CPU
		{08CBFDEB-A2E2-4F0E-A4E1-B996B05569DE}.ReleaseSnk|Mixed platforms.ActiveCfg = ReleaseSnk|Any CPU
		{08CBFDEB-A2E2-4F0E-A4E1-B996B05569DE}.ReleaseSnk|Mixed platforms.Build.0 = ReleaseSnk|Any CPU
		{08CBFDEB-A2E2-4F0E-A4E1-B996B05569DE}.ReleaseSnk|Win32.ActiveCfg = ReleaseSnk|Any CPU
		{08CBFDEB-A2E2-4F0E-A4E1-B996B05569DE}.ReleaseSnk|Win32.Build.0 = ReleaseSnk|Any CPU
		{42811A81-6A99-4C7A-A6DA-DF104C767B72}.Debug|Any CPU.ActiveCfg = Debug|Any CPU
		{42811A81-6A99-4C7A-A6DA-DF104C767B72}.Debug|Any CPU.Build.0 = Debug|Any CPU
		{42811A81-6A99-4C7A-A6DA-DF104C767B72}.Debug|Mixed platforms.ActiveCfg = Debug|Any CPU
		{42811A81-6A99-4C7A-A6DA-DF104C767B72}.Debug|Mixed platforms.Build.0 = Debug|Any CPU
		{42811A81-6A99-4C7A-A6DA-DF104C767B72}.Debug|Win32.ActiveCfg = Debug|Any CPU
		{42811A81-6A99-4C7A-A6DA-DF104C767B72}.Debug|Win32.Build.0 = Debug|Any CPU
		{42811A81-6A99-4C7A-A6DA-DF104C767B72}.DebugSnk|Any CPU.ActiveCfg = DebugSnk|Any CPU
		{42811A81-6A99-4C7A-A6DA-DF104C767B72}.DebugSnk|Any CPU.Build.0 = DebugSnk|Any CPU
		{42811A81-6A99-4C7A-A6DA-DF104C767B72}.DebugSnk|Mixed platforms.ActiveCfg = DebugSnk|Any CPU
		{42811A81-6A99-4C7A-A6DA-DF104C767B72}.DebugSnk|Mixed platforms.Build.0 = DebugSnk|Any CPU
		{42811A81-6A99-4C7A-A6DA-DF104C767B72}.DebugSnk|Win32.ActiveCfg = DebugSnk|Any CPU
		{42811A81-6A99-4C7A-A6DA-DF104C767B72}.DebugSnk|Win32.Build.0 = DebugSnk|Any CPU
		{42811A81-6A99-4C7A-A6DA-DF104C767B72}.Release|Any CPU.ActiveCfg = Release|Any CPU
		{42811A81-6A99-4C7A-A6DA-DF104C767B72}.Release|Any CPU.Build.0 = Release|Any CPU
		{42811A81-6A99-4C7A-A6DA-DF104C767B72}.Release|Mixed platforms.ActiveCfg = Release|Any CPU
		{42811A81-6A99-4C7A-A6DA-DF104C767B72}.Release|Mixed platforms.Build.0 = Release|Any CPU
		{42811A81-6A99-4C7A-A6DA-DF104C767B72}.Release|Win32.ActiveCfg = Release|Any CPU
		{42811A81-6A99-4C7A-A6DA-DF104C767B72}.ReleaseSnk|Any CPU.ActiveCfg = ReleaseSnk|Any CPU
		{42811A81-6A99-4C7A-A6DA-DF104C767B72}.ReleaseSnk|Any CPU.Build.0 = ReleaseSnk|Any CPU
		{42811A81-6A99-4C7A-A6DA-DF104C767B72}.ReleaseSnk|Mixed platforms.ActiveCfg = ReleaseSnk|Any CPU
		{42811A81-6A99-4C7A-A6DA-DF104C767B72}.ReleaseSnk|Mixed platforms.Build.0 = ReleaseSnk|Any CPU
		{42811A81-6A99-4C7A-A6DA-DF104C767B72}.ReleaseSnk|Win32.ActiveCfg = ReleaseSnk|Any CPU
		{42811A81-6A99-4C7A-A6DA-DF104C767B72}.ReleaseSnk|Win32.Build.0 = ReleaseSnk|Any CPU
		{B2A29FF2-A5C5-4F07-8CE7-FF5D744D7562}.Debug|Any CPU.ActiveCfg = Debug|Any CPU
		{B2A29FF2-A5C5-4F07-8CE7-FF5D744D7562}.Debug|Any CPU.Build.0 = Debug|Any CPU
		{B2A29FF2-A5C5-4F07-8CE7-FF5D744D7562}.Debug|Mixed platforms.ActiveCfg = Debug|Any CPU
		{B2A29FF2-A5C5-4F07-8CE7-FF5D744D7562}.Debug|Mixed platforms.Build.0 = Debug|Any CPU
		{B2A29FF2-A5C5-4F07-8CE7-FF5D744D7562}.Debug|Win32.ActiveCfg = Debug|Any CPU
		{B2A29FF2-A5C5-4F07-8CE7-FF5D744D7562}.Debug|Win32.Build.0 = Debug|Any CPU
		{B2A29FF2-A5C5-4F07-8CE7-FF5D744D7562}.DebugSnk|Any CPU.ActiveCfg = DebugSnk|Any CPU
		{B2A29FF2-A5C5-4F07-8CE7-FF5D744D7562}.DebugSnk|Any CPU.Build.0 = DebugSnk|Any CPU
		{B2A29FF2-A5C5-4F07-8CE7-FF5D744D7562}.DebugSnk|Mixed platforms.ActiveCfg = DebugSnk|Any CPU
		{B2A29FF2-A5C5-4F07-8CE7-FF5D744D7562}.DebugSnk|Mixed platforms.Build.0 = DebugSnk|Any CPU
		{B2A29FF2-A5C5-4F07-8CE7-FF5D744D7562}.DebugSnk|Win32.ActiveCfg = DebugSnk|Any CPU
		{B2A29FF2-A5C5-4F07-8CE7-FF5D744D7562}.DebugSnk|Win32.Build.0 = DebugSnk|Any CPU
		{B2A29FF2-A5C5-4F07-8CE7-FF5D744D7562}.Release|Any CPU.ActiveCfg = Release|Any CPU
		{B2A29FF2-A5C5-4F07-8CE7-FF5D744D7562}.Release|Any CPU.Build.0 = Release|Any CPU
		{B2A29FF2-A5C5-4F07-8CE7-FF5D744D7562}.Release|Mixed platforms.ActiveCfg = Release|Any CPU
		{B2A29FF2-A5C5-4F07-8CE7-FF5D744D7562}.Release|Mixed platforms.Build.0 = Release|Any CPU
		{B2A29FF2-A5C5-4F07-8CE7-FF5D744D7562}.Release|Win32.ActiveCfg = Release|Any CPU
		{B2A29FF2-A5C5-4F07-8CE7-FF5D744D7562}.ReleaseSnk|Any CPU.ActiveCfg = ReleaseSnk|Any CPU
		{B2A29FF2-A5C5-4F07-8CE7-FF5D744D7562}.ReleaseSnk|Any CPU.Build.0 = ReleaseSnk|Any CPU
		{B2A29FF2-A5C5-4F07-8CE7-FF5D744D7562}.ReleaseSnk|Mixed platforms.ActiveCfg = ReleaseSnk|Any CPU
		{B2A29FF2-A5C5-4F07-8CE7-FF5D744D7562}.ReleaseSnk|Mixed platforms.Build.0 = ReleaseSnk|Any CPU
		{B2A29FF2-A5C5-4F07-8CE7-FF5D744D7562}.ReleaseSnk|Win32.ActiveCfg = ReleaseSnk|Any CPU
		{B2A29FF2-A5C5-4F07-8CE7-FF5D744D7562}.ReleaseSnk|Win32.Build.0 = ReleaseSnk|Any CPU
		{6222CA51-7D1A-4D42-B6A7-B5CE9608C18F}.Debug|Any CPU.ActiveCfg = Debug|Any CPU
		{6222CA51-7D1A-4D42-B6A7-B5CE9608C18F}.Debug|Any CPU.Build.0 = Debug|Any CPU
		{6222CA51-7D1A-4D42-B6A7-B5CE9608C18F}.Debug|Mixed platforms.ActiveCfg = Debug|Any CPU
		{6222CA51-7D1A-4D42-B6A7-B5CE9608C18F}.Debug|Mixed platforms.Build.0 = Debug|Any CPU
		{6222CA51-7D1A-4D42-B6A7-B5CE9608C18F}.Debug|Win32.ActiveCfg = Debug|Any CPU
		{6222CA51-7D1A-4D42-B6A7-B5CE9608C18F}.Debug|Win32.Build.0 = Debug|Any CPU
		{6222CA51-7D1A-4D42-B6A7-B5CE9608C18F}.DebugSnk|Any CPU.ActiveCfg = DebugSnk|Any CPU
		{6222CA51-7D1A-4D42-B6A7-B5CE9608C18F}.DebugSnk|Any CPU.Build.0 = DebugSnk|Any CPU
		{6222CA51-7D1A-4D42-B6A7-B5CE9608C18F}.DebugSnk|Mixed platforms.ActiveCfg = DebugSnk|Any CPU
		{6222CA51-7D1A-4D42-B6A7-B5CE9608C18F}.DebugSnk|Mixed platforms.Build.0 = DebugSnk|Any CPU
		{6222CA51-7D1A-4D42-B6A7-B5CE9608C18F}.DebugSnk|Win32.ActiveCfg = DebugSnk|Any CPU
		{6222CA51-7D1A-4D42-B6A7-B5CE9608C18F}.DebugSnk|Win32.Build.0 = DebugSnk|Any CPU
		{6222CA51-7D1A-4D42-B6A7-B5CE9608C18F}.Release|Any CPU.ActiveCfg = Release|Any CPU
		{6222CA51-7D1A-4D42-B6A7-B5CE9608C18F}.Release|Any CPU.Build.0 = Release|Any CPU
		{6222CA51-7D1A-4D42-B6A7-B5CE9608C18F}.Release|Mixed platforms.ActiveCfg = Release|Any CPU
		{6222CA51-7D1A-4D42-B6A7-B5CE9608C18F}.Release|Mixed platforms.Build.0 = Release|Any CPU
		{6222CA51-7D1A-4D42-B6A7-B5CE9608C18F}.Release|Win32.ActiveCfg = Release|Any CPU
		{6222CA51-7D1A-4D42-B6A7-B5CE9608C18F}.ReleaseSnk|Any CPU.ActiveCfg = ReleaseSnk|Any CPU
		{6222CA51-7D1A-4D42-B6A7-B5CE9608C18F}.ReleaseSnk|Any CPU.Build.0 = ReleaseSnk|Any CPU
		{6222CA51-7D1A-4D42-B6A7-B5CE9608C18F}.ReleaseSnk|Mixed platforms.ActiveCfg = ReleaseSnk|Any CPU
		{6222CA51-7D1A-4D42-B6A7-B5CE9608C18F}.ReleaseSnk|Mixed platforms.Build.0 = ReleaseSnk|Any CPU
		{6222CA51-7D1A-4D42-B6A7-B5CE9608C18F}.ReleaseSnk|Win32.ActiveCfg = ReleaseSnk|Any CPU
		{6222CA51-7D1A-4D42-B6A7-B5CE9608C18F}.ReleaseSnk|Win32.Build.0 = ReleaseSnk|Any CPU
	EndGlobalSection
	GlobalSection(SolutionProperties) = preSolution
		HideSolutionNode = FALSE
	EndGlobalSection
EndGlobal
