
Microsoft Visual Studio Solution File, Format Version 9.00
# Visual Studio 2005
Project("{FAE04EC0-301F-11D3-BF4B-00C04F79EFBC}") = "System.DirectoryServices20", "System.DirectoryServices20.csproj", "{6C8C17FE-0F2F-4515-AC3C-2FB79F10FFA8}"
EndProject
Project("{FAE04EC0-301F-11D3-BF4B-00C04F79EFBC}") = "Novell.Directory.Ldap20", "..\Novell.Directory.Ldap\Novell.Directory.Ldap20.csproj", "{7BA54046-FD05-4209-9508-D6367CDAFBC0}"
EndProject
Global
	GlobalSection(SolutionConfigurationPlatforms) = preSolution
		Debug_Java|Any CPU = Debug_Java|Any CPU
		Debug_Java20|Any CPU = Debug_Java20|Any CPU
		Release_Java|Any CPU = Release_Java|Any CPU
		Release_Java20|Any CPU = Release_Java20|Any CPU
	EndGlobalSection
	GlobalSection(ProjectConfigurationPlatforms) = postSolution
		{6C8C17FE-0F2F-4515-AC3C-2FB79F10FFA8}.Debug_Java|Any CPU.ActiveCfg = Debug_Java|Any CPU
		{6C8C17FE-0F2F-4515-AC3C-2FB79F10FFA8}.Debug_Java|Any CPU.Build.0 = Debug_Java|Any CPU
		{6C8C17FE-0F2F-4515-AC3C-2FB79F10FFA8}.Debug_Java20|Any CPU.ActiveCfg = Debug_Java20|Any CPU
		{6C8C17FE-0F2F-4515-AC3C-2FB79F10FFA8}.Debug_Java20|Any CPU.Build.0 = Debug_Java20|Any CPU
		{6C8C17FE-0F2F-4515-AC3C-2FB79F10FFA8}.Release_Java|Any CPU.ActiveCfg = Release_Java|Any CPU
		{6C8C17FE-0F2F-4515-AC3C-2FB79F10FFA8}.Release_Java|Any CPU.Build.0 = Release_Java|Any CPU
		{6C8C17FE-0F2F-4515-AC3C-2FB79F10FFA8}.Release_Java20|Any CPU.ActiveCfg = Release_Java20|Any CPU
		{6C8C17FE-0F2F-4515-AC3C-2FB79F10FFA8}.Release_Java20|Any CPU.Build.0 = Release_Java20|Any CPU
		{7BA54046-FD05-4209-9508-D6367CDAFBC0}.Debug_Java|Any CPU.ActiveCfg = Debug_Java|Any CPU
		{7BA54046-FD05-4209-9508-D6367CDAFBC0}.Debug_Java|Any CPU.Build.0 = Debug_Java|Any CPU
		{7BA54046-FD05-4209-9508-D6367CDAFBC0}.Debug_Java20|Any CPU.ActiveCfg = Debug_Java20|Any CPU
		{7BA54046-FD05-4209-9508-D6367CDAFBC0}.Debug_Java20|Any CPU.Build.0 = Debug_Java20|Any CPU
		{7BA54046-FD05-4209-9508-D6367CDAFBC0}.Release_Java|Any CPU.ActiveCfg = Release_Java|Any CPU
		{7BA54046-FD05-4209-9508-D6367CDAFBC0}.Release_Java|Any CPU.Build.0 = Release_Java|Any CPU
		{7BA54046-FD05-4209-9508-D6367CDAFBC0}.Release_Java20|Any CPU.ActiveCfg = Release_Java20|Any CPU
		{7BA54046-FD05-4209-9508-D6367CDAFBC0}.Release_Java20|Any CPU.Build.0 = Release_Java20|Any CPU
	EndGlobalSection
	GlobalSection(SolutionProperties) = preSolution
		HideSolutionNode = FALSE
	EndGlobalSection
EndGlobal
