
Microsoft Visual Studio Solution File, Format Version 9.00
# Visual Studio 2005
Project("{FAE04EC0-301F-11D3-BF4B-00C04F79EFBC}") = "Mscorlib.Test20", "Mscorlib.Test20.csproj", "{FCE3E281-0E07-43EE-8611-18C14A180B85}"
EndProject
Global
	GlobalSection(SolutionConfigurationPlatforms) = preSolution
		Debug_Java20|Any CPU = Debug_Java20|Any CPU
		Release_Java20|Any CPU = Release_Java20|Any CPU
	EndGlobalSection
	GlobalSection(ProjectConfigurationPlatforms) = postSolution
		{FCE3E281-0E07-43EE-8611-18C14A180B85}.Debug_Java20|Any CPU.ActiveCfg = Debug_Java20|Any CPU
		{FCE3E281-0E07-43EE-8611-18C14A180B85}.Debug_Java20|Any CPU.Build.0 = Debug_Java20|Any CPU
		{FCE3E281-0E07-43EE-8611-18C14A180B85}.Release_Java20|Any CPU.ActiveCfg = Release_Java|Any CPU
		{FCE3E281-0E07-43EE-8611-18C14A180B85}.Release_Java20|Any CPU.Build.0 = Release_Java|Any CPU
	EndGlobalSection
	GlobalSection(SolutionProperties) = preSolution
		HideSolutionNode = FALSE
	EndGlobalSection
EndGlobal
