Microsoft Visual Studio Solution File, Format Version 7.00
Project("{FAE04EC0-301F-11D3-BF4B-00C04F79EFBC}") = "MonoOracleClient", "MonoOracleClient.csproj", "{799D520E-73ED-43A1-91FD-81D64C32A6F0}"
EndProject
Project("{FAE04EC0-301F-11D3-BF4B-00C04F79EFBC}") = "Test", "..\Test\Test.csproj", "{2A30C592-6B73-48E0-9640-A0DE8CA3C02F}"
EndProject
Global
	GlobalSection(SolutionConfiguration) = preSolution
		ConfigName.0 = Debug
		ConfigName.1 = Release
	EndGlobalSection
	GlobalSection(ProjectDependencies) = postSolution
	EndGlobalSection
	GlobalSection(ProjectConfiguration) = postSolution
		{799D520E-73ED-43A1-91FD-81D64C32A6F0}.Debug.ActiveCfg = Debug|.NET
		{799D520E-73ED-43A1-91FD-81D64C32A6F0}.Debug.Build.0 = Debug|.NET
		{799D520E-73ED-43A1-91FD-81D64C32A6F0}.Release.ActiveCfg = Release|.NET
		{799D520E-73ED-43A1-91FD-81D64C32A6F0}.Release.Build.0 = Release|.NET
		{2A30C592-6B73-48E0-9640-A0DE8CA3C02F}.Debug.ActiveCfg = Debug|.NET
		{2A30C592-6B73-48E0-9640-A0DE8CA3C02F}.Debug.Build.0 = Debug|.NET
		{2A30C592-6B73-48E0-9640-A0DE8CA3C02F}.Release.ActiveCfg = Release|.NET
		{2A30C592-6B73-48E0-9640-A0DE8CA3C02F}.Release.Build.0 = Release|.NET
	EndGlobalSection
	GlobalSection(ExtensibilityGlobals) = postSolution
	EndGlobalSection
	GlobalSection(ExtensibilityAddIns) = postSolution
	EndGlobalSection
EndGlobal
