
Microsoft Visual Studio Solution File, Format Version 10.00
# Visual C# Express 2008
Project("{FAE04EC0-301F-11D3-BF4B-00C04F79EFBC}") = "mcs", "mcs.csproj", "{896D1461-B76B-41C0-ABE6-ACA2BB4F7B5A}"
EndProject
Global
	GlobalSection(SolutionConfigurationPlatforms) = preSolution
		Debug|Any CPU = Debug|Any CPU
		Release|Any CPU = Release|Any CPU
	EndGlobalSection
	GlobalSection(ProjectConfigurationPlatforms) = postSolution
		{896D1461-B76B-41C0-ABE6-ACA2BB4F7B5A}.Debug|Any CPU.ActiveCfg = Debug|Any CPU
		{896D1461-B76B-41C0-ABE6-ACA2BB4F7B5A}.Debug|Any CPU.Build.0 = Debug|Any CPU
		{896D1461-B76B-41C0-ABE6-ACA2BB4F7B5A}.Release|Any CPU.ActiveCfg = Release|Any CPU
		{896D1461-B76B-41C0-ABE6-ACA2BB4F7B5A}.Release|Any CPU.Build.0 = Release|Any CPU
	EndGlobalSection
	GlobalSection(SolutionProperties) = preSolution
		HideSolutionNode = FALSE
	EndGlobalSection
EndGlobal
