Microsoft Visual Studio Solution File, Format Version 8.00
Project("{FAE04EC0-301F-11D3-BF4B-00C04F79EFBC}") = "mbas", "mbas.csproj", "{D9868C8B-B8C9-43E0-8702-F33AD49F1CC3}"
	ProjectSection(ProjectDependencies) = postProject
	EndProjectSection
EndProject
Project("{FAE04EC0-301F-11D3-BF4B-00C04F79EFBC}") = "Mono.GetOptions", "..\class\Mono.GetOptions\Mono.GetOptions.csproj", "{88BF59CF-3127-46E8-A61D-613E333FFAC7}"
	ProjectSection(ProjectDependencies) = postProject
	EndProjectSection
EndProject
Project("{FAE04EC0-301F-11D3-BF4B-00C04F79EFBC}") = "Microsoft.VisualBasic", "..\class\Microsoft.VisualBasic\Microsoft.VisualBasic.csproj", "{8A34E0CD-E436-4969-8103-0B66F5FC82EA}"
	ProjectSection(ProjectDependencies) = postProject
	EndProjectSection
EndProject
Global
	GlobalSection(SolutionConfiguration) = preSolution
		Debug = Debug
		Release = Release
	EndGlobalSection
	GlobalSection(ProjectConfiguration) = postSolution
		{D9868C8B-B8C9-43E0-8702-F33AD49F1CC3}.Debug.ActiveCfg = Debug|.NET
		{D9868C8B-B8C9-43E0-8702-F33AD49F1CC3}.Debug.Build.0 = Debug|.NET
		{D9868C8B-B8C9-43E0-8702-F33AD49F1CC3}.Release.ActiveCfg = Release|.NET
		{D9868C8B-B8C9-43E0-8702-F33AD49F1CC3}.Release.Build.0 = Release|.NET
		{88BF59CF-3127-46E8-A61D-613E333FFAC7}.Debug.ActiveCfg = Debug|.NET
		{88BF59CF-3127-46E8-A61D-613E333FFAC7}.Debug.Build.0 = Debug|.NET
		{88BF59CF-3127-46E8-A61D-613E333FFAC7}.Release.ActiveCfg = Release|.NET
		{88BF59CF-3127-46E8-A61D-613E333FFAC7}.Release.Build.0 = Release|.NET
		{8A34E0CD-E436-4969-8103-0B66F5FC82EA}.Debug.ActiveCfg = Debug|.NET
		{8A34E0CD-E436-4969-8103-0B66F5FC82EA}.Debug.Build.0 = Debug|.NET
		{8A34E0CD-E436-4969-8103-0B66F5FC82EA}.Release.ActiveCfg = Release|.NET
		{8A34E0CD-E436-4969-8103-0B66F5FC82EA}.Release.Build.0 = Release|.NET
	EndGlobalSection
	GlobalSection(ExtensibilityGlobals) = postSolution
	EndGlobalSection
	GlobalSection(ExtensibilityAddIns) = postSolution
	EndGlobalSection
EndGlobal
