Microsoft Visual Studio Solution File, Format Version 8.00
Project("{FAE04EC0-301F-11D3-BF4B-00C04F79EFBC}") = "NunitWeb-default", "NunitWeb-default.csproj", "{4110A768-A8F3-44DD-BB0C-FBAECD9050AF}"
	ProjectSection(ProjectDependencies) = postProject
	EndProjectSection
EndProject
Project("{FAE04EC0-301F-11D3-BF4B-00C04F79EFBC}") = "SystemWebTest", "..\..\MainsoftWebTest\SystemWebTest.csproj", "{3FB09545-9389-4F42-B80D-4855A2FA5B5C}"
	ProjectSection(ProjectDependencies) = postProject
	EndProjectSection
EndProject
Global
	GlobalSection(SolutionConfiguration) = preSolution
		Debug = Debug
		Debug_fast = Debug_fast
		Debug_NUnit = Debug_NUnit
		Release = Release
	EndGlobalSection
	GlobalSection(ProjectConfiguration) = postSolution
		{4110A768-A8F3-44DD-BB0C-FBAECD9050AF}.Debug.ActiveCfg = Debug|.NET
		{4110A768-A8F3-44DD-BB0C-FBAECD9050AF}.Debug.Build.0 = Debug|.NET
		{4110A768-A8F3-44DD-BB0C-FBAECD9050AF}.Debug_fast.ActiveCfg = Debug|.NET
		{4110A768-A8F3-44DD-BB0C-FBAECD9050AF}.Debug_fast.Build.0 = Debug|.NET
		{4110A768-A8F3-44DD-BB0C-FBAECD9050AF}.Debug_NUnit.ActiveCfg = Debug|.NET
		{4110A768-A8F3-44DD-BB0C-FBAECD9050AF}.Debug_NUnit.Build.0 = Debug|.NET
		{4110A768-A8F3-44DD-BB0C-FBAECD9050AF}.Release.ActiveCfg = Release|.NET
		{4110A768-A8F3-44DD-BB0C-FBAECD9050AF}.Release.Build.0 = Release|.NET
		{3FB09545-9389-4F42-B80D-4855A2FA5B5C}.Debug.ActiveCfg = Debug|.NET
		{3FB09545-9389-4F42-B80D-4855A2FA5B5C}.Debug.Build.0 = Debug|.NET
		{3FB09545-9389-4F42-B80D-4855A2FA5B5C}.Debug_fast.ActiveCfg = Debug_fast|.NET
		{3FB09545-9389-4F42-B80D-4855A2FA5B5C}.Debug_fast.Build.0 = Debug_fast|.NET
		{3FB09545-9389-4F42-B80D-4855A2FA5B5C}.Debug_NUnit.ActiveCfg = Debug_NUnit|.NET
		{3FB09545-9389-4F42-B80D-4855A2FA5B5C}.Debug_NUnit.Build.0 = Debug_NUnit|.NET
		{3FB09545-9389-4F42-B80D-4855A2FA5B5C}.Release.ActiveCfg = Release|.NET
		{3FB09545-9389-4F42-B80D-4855A2FA5B5C}.Release.Build.0 = Release|.NET
	EndGlobalSection
	GlobalSection(ExtensibilityGlobals) = postSolution
	EndGlobalSection
	GlobalSection(ExtensibilityAddIns) = postSolution
	EndGlobalSection
EndGlobal
