
Microsoft Visual Studio Solution File, Format Version 12.00
# Visual Studio 15
VisualStudioVersion = 15.0.28010.2026
MinimumVisualStudioVersion = 10.0.40219.1
Project("{9A19103F-16F7-4668-BE54-9A1E7A4F7556}") = "DrtXaml.Tests", "DrtXaml\DrtXaml\DrtXaml.Tests.csproj", "{FAB114A2-2C6C-4372-A6BB-BC087B646E3A}"
EndProject
Project("{9A19103F-16F7-4668-BE54-9A1E7A4F7556}") = "TestServices", "..\Common\TestServices\TestServices.csproj", "{387F3700-8C0B-4CEC-A68A-1725F656A249}"
EndProject
Project("{9A19103F-16F7-4668-BE54-9A1E7A4F7556}") = "XamlTestClasses", "DrtXaml\XamlTestClasses\XamlTestClasses.csproj", "{3C1FC36C-E3E6-4EED-9ECA-CFF2EB950486}"
EndProject
Project("{9A19103F-16F7-4668-BE54-9A1E7A4F7556}") = "XamlTestClasses.FriendWithKey", "DrtXaml\XamlTestClasses.FriendWithKey\XamlTestClasses.FriendWithKey.csproj", "{BA5AFF97-E993-49CB-BD2D-593F85E83FD5}"
EndProject
Project("{9A19103F-16F7-4668-BE54-9A1E7A4F7556}") = "XamlTestClasses.FriendWithoutKey", "DrtXaml\XamlTestClasses.FriendWithoutKey\XamlTestClasses.FriendWithoutKey.csproj", "{7D204145-BB36-4239-AD55-24DCE26BE997}"
EndProject
Project("{9A19103F-16F7-4668-BE54-9A1E7A4F7556}") = "BamlTestClasses40", "DrtXaml\BamlTestClasses40\BamlTestClasses40.csproj", "{2127AC4D-78F4-44BE-A93F-8872EA9A8BB2}"
EndProject
Project("{9A19103F-16F7-4668-BE54-9A1E7A4F7556}") = "BamlAvoidXmlTest", "DrtXaml\BamlAvoidXmlTest\BamlAvoidXmlTest.csproj", "{9163F98E-E941-45F5-9A57-47F375F50333}"
EndProject
Global
	GlobalSection(SolutionConfigurationPlatforms) = preSolution
		Debug|Any CPU = Debug|Any CPU
		Debug|x64 = Debug|x64
		Debug|x86 = Debug|x86
		Release|Any CPU = Release|Any CPU
		Release|x64 = Release|x64
		Release|x86 = Release|x86
	EndGlobalSection
	GlobalSection(ProjectConfigurationPlatforms) = postSolution
		{FAB114A2-2C6C-4372-A6BB-BC087B646E3A}.Debug|Any CPU.ActiveCfg = Debug|Any CPU
		{FAB114A2-2C6C-4372-A6BB-BC087B646E3A}.Debug|Any CPU.Build.0 = Debug|Any CPU
		{FAB114A2-2C6C-4372-A6BB-BC087B646E3A}.Debug|x64.ActiveCfg = Debug|x64
		{FAB114A2-2C6C-4372-A6BB-BC087B646E3A}.Debug|x64.Build.0 = Debug|x64
		{FAB114A2-2C6C-4372-A6BB-BC087B646E3A}.Debug|x86.ActiveCfg = Debug|Any CPU
		{FAB114A2-2C6C-4372-A6BB-BC087B646E3A}.Debug|x86.Build.0 = Debug|Any CPU
		{FAB114A2-2C6C-4372-A6BB-BC087B646E3A}.Release|Any CPU.ActiveCfg = Release|Any CPU
		{FAB114A2-2C6C-4372-A6BB-BC087B646E3A}.Release|Any CPU.Build.0 = Release|Any CPU
		{FAB114A2-2C6C-4372-A6BB-BC087B646E3A}.Release|x64.ActiveCfg = Release|x64
		{FAB114A2-2C6C-4372-A6BB-BC087B646E3A}.Release|x64.Build.0 = Release|x64
		{FAB114A2-2C6C-4372-A6BB-BC087B646E3A}.Release|x86.ActiveCfg = Release|Any CPU
		{FAB114A2-2C6C-4372-A6BB-BC087B646E3A}.Release|x86.Build.0 = Release|Any CPU
		{387F3700-8C0B-4CEC-A68A-1725F656A249}.Debug|Any CPU.ActiveCfg = Debug|Any CPU
		{387F3700-8C0B-4CEC-A68A-1725F656A249}.Debug|Any CPU.Build.0 = Debug|Any CPU
		{387F3700-8C0B-4CEC-A68A-1725F656A249}.Debug|x64.ActiveCfg = Debug|x64
		{387F3700-8C0B-4CEC-A68A-1725F656A249}.Debug|x64.Build.0 = Debug|x64
		{387F3700-8C0B-4CEC-A68A-1725F656A249}.Debug|x86.ActiveCfg = Debug|Any CPU
		{387F3700-8C0B-4CEC-A68A-1725F656A249}.Debug|x86.Build.0 = Debug|Any CPU
		{387F3700-8C0B-4CEC-A68A-1725F656A249}.Release|Any CPU.ActiveCfg = Release|Any CPU
		{387F3700-8C0B-4CEC-A68A-1725F656A249}.Release|Any CPU.Build.0 = Release|Any CPU
		{387F3700-8C0B-4CEC-A68A-1725F656A249}.Release|x64.ActiveCfg = Release|x64
		{387F3700-8C0B-4CEC-A68A-1725F656A249}.Release|x64.Build.0 = Release|x64
		{387F3700-8C0B-4CEC-A68A-1725F656A249}.Release|x86.ActiveCfg = Release|Any CPU
		{387F3700-8C0B-4CEC-A68A-1725F656A249}.Release|x86.Build.0 = Release|Any CPU
		{3C1FC36C-E3E6-4EED-9ECA-CFF2EB950486}.Debug|Any CPU.ActiveCfg = Debug|Any CPU
		{3C1FC36C-E3E6-4EED-9ECA-CFF2EB950486}.Debug|Any CPU.Build.0 = Debug|Any CPU
		{3C1FC36C-E3E6-4EED-9ECA-CFF2EB950486}.Debug|x64.ActiveCfg = Debug|x64
		{3C1FC36C-E3E6-4EED-9ECA-CFF2EB950486}.Debug|x64.Build.0 = Debug|x64
		{3C1FC36C-E3E6-4EED-9ECA-CFF2EB950486}.Debug|x86.ActiveCfg = Debug|Any CPU
		{3C1FC36C-E3E6-4EED-9ECA-CFF2EB950486}.Debug|x86.Build.0 = Debug|Any CPU
		{3C1FC36C-E3E6-4EED-9ECA-CFF2EB950486}.Release|Any CPU.ActiveCfg = Release|Any CPU
		{3C1FC36C-E3E6-4EED-9ECA-CFF2EB950486}.Release|Any CPU.Build.0 = Release|Any CPU
		{3C1FC36C-E3E6-4EED-9ECA-CFF2EB950486}.Release|x64.ActiveCfg = Release|x64
		{3C1FC36C-E3E6-4EED-9ECA-CFF2EB950486}.Release|x64.Build.0 = Release|x64
		{3C1FC36C-E3E6-4EED-9ECA-CFF2EB950486}.Release|x86.ActiveCfg = Release|Any CPU
		{3C1FC36C-E3E6-4EED-9ECA-CFF2EB950486}.Release|x86.Build.0 = Release|Any CPU
		{BA5AFF97-E993-49CB-BD2D-593F85E83FD5}.Debug|Any CPU.ActiveCfg = Debug|Any CPU
		{BA5AFF97-E993-49CB-BD2D-593F85E83FD5}.Debug|Any CPU.Build.0 = Debug|Any CPU
		{BA5AFF97-E993-49CB-BD2D-593F85E83FD5}.Debug|x64.ActiveCfg = Debug|x64
		{BA5AFF97-E993-49CB-BD2D-593F85E83FD5}.Debug|x64.Build.0 = Debug|x64
		{BA5AFF97-E993-49CB-BD2D-593F85E83FD5}.Debug|x86.ActiveCfg = Debug|Any CPU
		{BA5AFF97-E993-49CB-BD2D-593F85E83FD5}.Debug|x86.Build.0 = Debug|Any CPU
		{BA5AFF97-E993-49CB-BD2D-593F85E83FD5}.Release|Any CPU.ActiveCfg = Release|Any CPU
		{BA5AFF97-E993-49CB-BD2D-593F85E83FD5}.Release|Any CPU.Build.0 = Release|Any CPU
		{BA5AFF97-E993-49CB-BD2D-593F85E83FD5}.Release|x64.ActiveCfg = Release|x64
		{BA5AFF97-E993-49CB-BD2D-593F85E83FD5}.Release|x64.Build.0 = Release|x64
		{BA5AFF97-E993-49CB-BD2D-593F85E83FD5}.Release|x86.ActiveCfg = Release|Any CPU
		{BA5AFF97-E993-49CB-BD2D-593F85E83FD5}.Release|x86.Build.0 = Release|Any CPU
		{7D204145-BB36-4239-AD55-24DCE26BE997}.Debug|Any CPU.ActiveCfg = Debug|Any CPU
		{7D204145-BB36-4239-AD55-24DCE26BE997}.Debug|Any CPU.Build.0 = Debug|Any CPU
		{7D204145-BB36-4239-AD55-24DCE26BE997}.Debug|x64.ActiveCfg = Debug|x64
		{7D204145-BB36-4239-AD55-24DCE26BE997}.Debug|x64.Build.0 = Debug|x64
		{7D204145-BB36-4239-AD55-24DCE26BE997}.Debug|x86.ActiveCfg = Debug|Any CPU
		{7D204145-BB36-4239-AD55-24DCE26BE997}.Debug|x86.Build.0 = Debug|Any CPU
		{7D204145-BB36-4239-AD55-24DCE26BE997}.Release|Any CPU.ActiveCfg = Release|Any CPU
		{7D204145-BB36-4239-AD55-24DCE26BE997}.Release|Any CPU.Build.0 = Release|Any CPU
		{7D204145-BB36-4239-AD55-24DCE26BE997}.Release|x64.ActiveCfg = Release|x64
		{7D204145-BB36-4239-AD55-24DCE26BE997}.Release|x64.Build.0 = Release|x64
		{7D204145-BB36-4239-AD55-24DCE26BE997}.Release|x86.ActiveCfg = Release|Any CPU
		{7D204145-BB36-4239-AD55-24DCE26BE997}.Release|x86.Build.0 = Release|Any CPU
		{2127AC4D-78F4-44BE-A93F-8872EA9A8BB2}.Debug|Any CPU.ActiveCfg = Debug|Any CPU
		{2127AC4D-78F4-44BE-A93F-8872EA9A8BB2}.Debug|Any CPU.Build.0 = Debug|Any CPU
		{2127AC4D-78F4-44BE-A93F-8872EA9A8BB2}.Debug|x64.ActiveCfg = Debug|x64
		{2127AC4D-78F4-44BE-A93F-8872EA9A8BB2}.Debug|x64.Build.0 = Debug|x64
		{2127AC4D-78F4-44BE-A93F-8872EA9A8BB2}.Debug|x86.ActiveCfg = Debug|Any CPU
		{2127AC4D-78F4-44BE-A93F-8872EA9A8BB2}.Debug|x86.Build.0 = Debug|Any CPU
		{2127AC4D-78F4-44BE-A93F-8872EA9A8BB2}.Release|Any CPU.ActiveCfg = Release|Any CPU
		{2127AC4D-78F4-44BE-A93F-8872EA9A8BB2}.Release|Any CPU.Build.0 = Release|Any CPU
		{2127AC4D-78F4-44BE-A93F-8872EA9A8BB2}.Release|x64.ActiveCfg = Release|x64
		{2127AC4D-78F4-44BE-A93F-8872EA9A8BB2}.Release|x64.Build.0 = Release|x64
		{2127AC4D-78F4-44BE-A93F-8872EA9A8BB2}.Release|x86.ActiveCfg = Release|Any CPU
		{2127AC4D-78F4-44BE-A93F-8872EA9A8BB2}.Release|x86.Build.0 = Release|Any CPU
		{9163F98E-E941-45F5-9A57-47F375F50333}.Debug|Any CPU.ActiveCfg = Debug|Any CPU
		{9163F98E-E941-45F5-9A57-47F375F50333}.Debug|Any CPU.Build.0 = Debug|Any CPU
		{9163F98E-E941-45F5-9A57-47F375F50333}.Debug|x64.ActiveCfg = Debug|x64
		{9163F98E-E941-45F5-9A57-47F375F50333}.Debug|x64.Build.0 = Debug|x64
		{9163F98E-E941-45F5-9A57-47F375F50333}.Debug|x86.ActiveCfg = Debug|Any CPU
		{9163F98E-E941-45F5-9A57-47F375F50333}.Debug|x86.Build.0 = Debug|Any CPU
		{9163F98E-E941-45F5-9A57-47F375F50333}.Release|Any CPU.ActiveCfg = Release|Any CPU
		{9163F98E-E941-45F5-9A57-47F375F50333}.Release|Any CPU.Build.0 = Release|Any CPU
		{9163F98E-E941-45F5-9A57-47F375F50333}.Release|x64.ActiveCfg = Release|x64
		{9163F98E-E941-45F5-9A57-47F375F50333}.Release|x64.Build.0 = Release|x64
		{9163F98E-E941-45F5-9A57-47F375F50333}.Release|x86.ActiveCfg = Release|Any CPU
		{9163F98E-E941-45F5-9A57-47F375F50333}.Release|x86.Build.0 = Release|Any CPU
	EndGlobalSection
	GlobalSection(SolutionProperties) = preSolution
		HideSolutionNode = FALSE
	EndGlobalSection
	GlobalSection(ExtensibilityGlobals) = postSolution
		SolutionGuid = {B4340004-DAC0-497D-B69D-CFA7CD93F567}
	EndGlobalSection
EndGlobal
