Microsoft Visual Studio Solution File, Format Version 7.00
Project("{FAE04EC0-301F-11D3-BF4B-00C04F79EFBC}") = "Gui", "Gui\Gui.csproj", "{B76CBA27-ABBD-45FE-AFC3-A629BC13BAAE}"
EndProject
Project("{FAE04EC0-301F-11D3-BF4B-00C04F79EFBC}") = "Core", "Core\Core.csproj", "{73F5A60D-A5E3-4852-B4C6-478275E733F9}"
EndProject
Project("{FAE04EC0-301F-11D3-BF4B-00C04F79EFBC}") = "xmltest", "xmltest\xmltest.csproj", "{D83D563A-46E7-4CBA-87EE-FEA674A0CACE}"
EndProject
Global
	GlobalSection(SolutionConfiguration) = preSolution
		ConfigName.0 = Debug
		ConfigName.1 = Release
	EndGlobalSection
	GlobalSection(ProjectDependencies) = postSolution
	EndGlobalSection
	GlobalSection(ProjectConfiguration) = postSolution
		{B76CBA27-ABBD-45FE-AFC3-A629BC13BAAE}.Debug.ActiveCfg = Release|.NET
		{B76CBA27-ABBD-45FE-AFC3-A629BC13BAAE}.Debug.Build.0 = Release|.NET
		{B76CBA27-ABBD-45FE-AFC3-A629BC13BAAE}.Release.ActiveCfg = Release|.NET
		{B76CBA27-ABBD-45FE-AFC3-A629BC13BAAE}.Release.Build.0 = Release|.NET
		{73F5A60D-A5E3-4852-B4C6-478275E733F9}.Debug.ActiveCfg = Release|.NET
		{73F5A60D-A5E3-4852-B4C6-478275E733F9}.Debug.Build.0 = Release|.NET
		{73F5A60D-A5E3-4852-B4C6-478275E733F9}.Release.ActiveCfg = Release|.NET
		{73F5A60D-A5E3-4852-B4C6-478275E733F9}.Release.Build.0 = Release|.NET
		{D83D563A-46E7-4CBA-87EE-FEA674A0CACE}.Debug.ActiveCfg = Debug|.NET
		{D83D563A-46E7-4CBA-87EE-FEA674A0CACE}.Debug.Build.0 = Debug|.NET
		{D83D563A-46E7-4CBA-87EE-FEA674A0CACE}.Release.ActiveCfg = Release|.NET
		{D83D563A-46E7-4CBA-87EE-FEA674A0CACE}.Release.Build.0 = Release|.NET
	EndGlobalSection
	GlobalSection(ExtensibilityGlobals) = postSolution
	EndGlobalSection
	GlobalSection(ExtensibilityAddIns) = postSolution
	EndGlobalSection
EndGlobal
