Microsoft Visual Studio Solution File, Format Version 8.00
Project("{FAE04EC0-301F-11D3-BF4B-00C04F79EFBC}") = "compiler", "compiler.csproj", "{896D1461-B76B-41C0-ABE6-ACA2BB4F7B5A}"
	ProjectSection(ProjectDependencies) = postProject
	EndProjectSection
EndProject
Global
	GlobalSection(SolutionConfiguration) = preSolution
		Debug = Debug
		Release = Release
	EndGlobalSection
	GlobalSection(ProjectConfiguration) = postSolution
		{896D1461-B76B-41C0-ABE6-ACA2BB4F7B5A}.Debug.ActiveCfg = Debug|.NET
		{896D1461-B76B-41C0-ABE6-ACA2BB4F7B5A}.Debug.Build.0 = Debug|.NET
		{896D1461-B76B-41C0-ABE6-ACA2BB4F7B5A}.Release.ActiveCfg = Release|.NET
		{896D1461-B76B-41C0-ABE6-ACA2BB4F7B5A}.Release.Build.0 = Release|.NET
	EndGlobalSection
	GlobalSection(ExtensibilityGlobals) = postSolution
	EndGlobalSection
	GlobalSection(ExtensibilityAddIns) = postSolution
	EndGlobalSection
EndGlobal
