Microsoft Visual Studio Solution File, Format Version 9.00
# Visual Studio 2005
Project("{FAE04EC0-301F-11D3-BF4B-00C04F79EFBC}") = "xslt20.J2EE", "xslt20.J2EE.csproj", "{52564015-7939-46EF-B930-BB017FB6D26A}"
EndProject
Global
	GlobalSection(SolutionConfigurationPlatforms) = preSolution
		Debug_Java|Any CPU = Debug_Java|Any CPU
		Debug_Java20|Any CPU = Debug_Java20|Any CPU
		Debug|Any CPU = Debug|Any CPU
		Debug-Strong|Any CPU = Debug-Strong|Any CPU
		Release_Java|Any CPU = Release_Java|Any CPU
		Release|Any CPU = Release|Any CPU
	EndGlobalSection
	GlobalSection(ProjectConfigurationPlatforms) = postSolution
		{52564015-7939-46EF-B930-BB017FB6D26A}.Debug_Java|Any CPU.ActiveCfg = Debug_Java|Any CPU
		{52564015-7939-46EF-B930-BB017FB6D26A}.Debug_Java|Any CPU.Build.0 = Debug_Java|Any CPU
		{52564015-7939-46EF-B930-BB017FB6D26A}.Debug_Java20|Any CPU.ActiveCfg = Debug_Java20|Any CPU
		{52564015-7939-46EF-B930-BB017FB6D26A}.Debug_Java20|Any CPU.Build.0 = Debug_Java20|Any CPU
		{52564015-7939-46EF-B930-BB017FB6D26A}.Debug|Any CPU.ActiveCfg = Debug_Java|Any CPU
		{52564015-7939-46EF-B930-BB017FB6D26A}.Debug|Any CPU.Build.0 = Debug_Java|Any CPU
		{52564015-7939-46EF-B930-BB017FB6D26A}.Debug-Strong|Any CPU.ActiveCfg = Debug_Java|Any CPU
		{52564015-7939-46EF-B930-BB017FB6D26A}.Debug-Strong|Any CPU.Build.0 = Debug_Java|Any CPU
		{52564015-7939-46EF-B930-BB017FB6D26A}.Release_Java|Any CPU.ActiveCfg = Release_Java|Any CPU
		{52564015-7939-46EF-B930-BB017FB6D26A}.Release_Java|Any CPU.Build.0 = Release_Java|Any CPU
		{52564015-7939-46EF-B930-BB017FB6D26A}.Release|Any CPU.ActiveCfg = Release_Java|Any CPU
		{52564015-7939-46EF-B930-BB017FB6D26A}.Release|Any CPU.Build.0 = Release_Java|Any CPU
	EndGlobalSection
	GlobalSection(SolutionProperties) = preSolution
		HideSolutionNode = FALSE
	EndGlobalSection
EndGlobal
