
Microsoft Visual Studio Solution File, Format Version 9.00
# Visual Studio 2005
Project("{FAE04EC0-301F-11D3-BF4B-00C04F79EFBC}") = "System.Data.OracleClient20", "System.Data.OracleClient20.csproj", "{71F3DF41-7E2F-41FB-B470-110851F2E758}"
EndProject
Project("{FAE04EC0-301F-11D3-BF4B-00C04F79EFBC}") = "System.Data20", "..\System.Data\System.Data20.csproj", "{BD83C476-AEC7-4535-8158-977B04887AF0}"
EndProject
Global
	GlobalSection(SolutionConfigurationPlatforms) = preSolution
		Debug_Java|Any CPU = Debug_Java|Any CPU
		Debug_Java20|Any CPU = Debug_Java20|Any CPU
		Release_Java|Any CPU = Release_Java|Any CPU
		Release_Java20|Any CPU = Release_Java20|Any CPU
	EndGlobalSection
	GlobalSection(ProjectConfigurationPlatforms) = postSolution
		{71F3DF41-7E2F-41FB-B470-110851F2E758}.Debug_Java|Any CPU.ActiveCfg = Debug_Java|Any CPU
		{71F3DF41-7E2F-41FB-B470-110851F2E758}.Debug_Java|Any CPU.Build.0 = Debug_Java|Any CPU
		{71F3DF41-7E2F-41FB-B470-110851F2E758}.Debug_Java20|Any CPU.ActiveCfg = Debug_Java20|Any CPU
		{71F3DF41-7E2F-41FB-B470-110851F2E758}.Debug_Java20|Any CPU.Build.0 = Debug_Java20|Any CPU
		{71F3DF41-7E2F-41FB-B470-110851F2E758}.Release_Java|Any CPU.ActiveCfg = Release_Java|Any CPU
		{71F3DF41-7E2F-41FB-B470-110851F2E758}.Release_Java|Any CPU.Build.0 = Release_Java|Any CPU
		{71F3DF41-7E2F-41FB-B470-110851F2E758}.Release_Java20|Any CPU.ActiveCfg = Release_Java20|Any CPU
		{71F3DF41-7E2F-41FB-B470-110851F2E758}.Release_Java20|Any CPU.Build.0 = Release_Java20|Any CPU
		{BD83C476-AEC7-4535-8158-977B04887AF0}.Debug_Java|Any CPU.ActiveCfg = Debug_Java|Any CPU
		{BD83C476-AEC7-4535-8158-977B04887AF0}.Debug_Java|Any CPU.Build.0 = Debug_Java|Any CPU
		{BD83C476-AEC7-4535-8158-977B04887AF0}.Debug_Java20|Any CPU.ActiveCfg = Debug_Java20|Any CPU
		{BD83C476-AEC7-4535-8158-977B04887AF0}.Debug_Java20|Any CPU.Build.0 = Debug_Java20|Any CPU
		{BD83C476-AEC7-4535-8158-977B04887AF0}.Release_Java|Any CPU.ActiveCfg = Release_Java|Any CPU
		{BD83C476-AEC7-4535-8158-977B04887AF0}.Release_Java|Any CPU.Build.0 = Release_Java|Any CPU
		{BD83C476-AEC7-4535-8158-977B04887AF0}.Release_Java20|Any CPU.ActiveCfg = Release_Java20|Any CPU
		{BD83C476-AEC7-4535-8158-977B04887AF0}.Release_Java20|Any CPU.Build.0 = Release_Java20|Any CPU
	EndGlobalSection
	GlobalSection(SolutionProperties) = preSolution
		HideSolutionNode = FALSE
	EndGlobalSection
EndGlobal
