
Microsoft Visual Studio Solution File, Format Version 11.00
# Visual Studio 2010
Project("{FAE04EC0-301F-11D3-BF4B-00C04F79EFBC}") = "System.Windows.Forms.DataVisualization", "System.Windows.Forms.DataVisualization.csproj", "{73F9BAEA-A04B-4254-A736-D3B8B9947340}"
EndProject
Project("{FAE04EC0-301F-11D3-BF4B-00C04F79EFBC}") = "Charting", "Test\Charting\Charting.csproj", "{9E7C5CA0-2297-414C-B2EB-FC5418548E9D}"
EndProject
Project("{FAE04EC0-301F-11D3-BF4B-00C04F79EFBC}") = "MonoCharting", "Test\MonoCharting\MonoCharting.csproj", "{2DF0C530-64FF-4125-B03C-B79F7A5E1F7E}"
EndProject
Project("{FAE04EC0-301F-11D3-BF4B-00C04F79EFBC}") = "ChartingTests", "Test\ChartingTests.csproj", "{D318CCA4-B16E-434D-B490-53A810FC949E}"
EndProject
Global
	GlobalSection(SolutionConfigurationPlatforms) = preSolution
		Debug|Any CPU = Debug|Any CPU
		Debug|Mixed Platforms = Debug|Mixed Platforms
		Debug|x86 = Debug|x86
		Release|Any CPU = Release|Any CPU
		Release|Mixed Platforms = Release|Mixed Platforms
		Release|x86 = Release|x86
	EndGlobalSection
	GlobalSection(ProjectConfigurationPlatforms) = postSolution
		{73F9BAEA-A04B-4254-A736-D3B8B9947340}.Debug|Any CPU.ActiveCfg = Debug|Any CPU
		{73F9BAEA-A04B-4254-A736-D3B8B9947340}.Debug|Any CPU.Build.0 = Debug|Any CPU
		{73F9BAEA-A04B-4254-A736-D3B8B9947340}.Debug|Mixed Platforms.ActiveCfg = Debug|Any CPU
		{73F9BAEA-A04B-4254-A736-D3B8B9947340}.Debug|Mixed Platforms.Build.0 = Debug|Any CPU
		{73F9BAEA-A04B-4254-A736-D3B8B9947340}.Debug|x86.ActiveCfg = Debug|Any CPU
		{73F9BAEA-A04B-4254-A736-D3B8B9947340}.Release|Any CPU.ActiveCfg = Release|Any CPU
		{73F9BAEA-A04B-4254-A736-D3B8B9947340}.Release|Any CPU.Build.0 = Release|Any CPU
		{73F9BAEA-A04B-4254-A736-D3B8B9947340}.Release|Mixed Platforms.ActiveCfg = Release|Any CPU
		{73F9BAEA-A04B-4254-A736-D3B8B9947340}.Release|Mixed Platforms.Build.0 = Release|Any CPU
		{73F9BAEA-A04B-4254-A736-D3B8B9947340}.Release|x86.ActiveCfg = Release|Any CPU
		{9E7C5CA0-2297-414C-B2EB-FC5418548E9D}.Debug|Any CPU.ActiveCfg = Debug|x86
		{9E7C5CA0-2297-414C-B2EB-FC5418548E9D}.Debug|Mixed Platforms.ActiveCfg = Debug|x86
		{9E7C5CA0-2297-414C-B2EB-FC5418548E9D}.Debug|Mixed Platforms.Build.0 = Debug|x86
		{9E7C5CA0-2297-414C-B2EB-FC5418548E9D}.Debug|x86.ActiveCfg = Debug|x86
		{9E7C5CA0-2297-414C-B2EB-FC5418548E9D}.Debug|x86.Build.0 = Debug|x86
		{9E7C5CA0-2297-414C-B2EB-FC5418548E9D}.Release|Any CPU.ActiveCfg = Release|x86
		{9E7C5CA0-2297-414C-B2EB-FC5418548E9D}.Release|Mixed Platforms.ActiveCfg = Release|x86
		{9E7C5CA0-2297-414C-B2EB-FC5418548E9D}.Release|Mixed Platforms.Build.0 = Release|x86
		{9E7C5CA0-2297-414C-B2EB-FC5418548E9D}.Release|x86.ActiveCfg = Release|x86
		{9E7C5CA0-2297-414C-B2EB-FC5418548E9D}.Release|x86.Build.0 = Release|x86
		{2DF0C530-64FF-4125-B03C-B79F7A5E1F7E}.Debug|Any CPU.ActiveCfg = Debug|x86
		{2DF0C530-64FF-4125-B03C-B79F7A5E1F7E}.Debug|Mixed Platforms.ActiveCfg = Debug|x86
		{2DF0C530-64FF-4125-B03C-B79F7A5E1F7E}.Debug|Mixed Platforms.Build.0 = Debug|x86
		{2DF0C530-64FF-4125-B03C-B79F7A5E1F7E}.Debug|x86.ActiveCfg = Debug|x86
		{2DF0C530-64FF-4125-B03C-B79F7A5E1F7E}.Debug|x86.Build.0 = Debug|x86
		{2DF0C530-64FF-4125-B03C-B79F7A5E1F7E}.Release|Any CPU.ActiveCfg = Release|x86
		{2DF0C530-64FF-4125-B03C-B79F7A5E1F7E}.Release|Mixed Platforms.ActiveCfg = Release|x86
		{2DF0C530-64FF-4125-B03C-B79F7A5E1F7E}.Release|Mixed Platforms.Build.0 = Release|x86
		{2DF0C530-64FF-4125-B03C-B79F7A5E1F7E}.Release|x86.ActiveCfg = Release|x86
		{2DF0C530-64FF-4125-B03C-B79F7A5E1F7E}.Release|x86.Build.0 = Release|x86
		{D318CCA4-B16E-434D-B490-53A810FC949E}.Debug|Any CPU.ActiveCfg = Debug|Any CPU
		{D318CCA4-B16E-434D-B490-53A810FC949E}.Debug|Any CPU.Build.0 = Debug|Any CPU
		{D318CCA4-B16E-434D-B490-53A810FC949E}.Debug|Mixed Platforms.ActiveCfg = Debug|Any CPU
		{D318CCA4-B16E-434D-B490-53A810FC949E}.Debug|Mixed Platforms.Build.0 = Debug|Any CPU
		{D318CCA4-B16E-434D-B490-53A810FC949E}.Debug|x86.ActiveCfg = Debug|Any CPU
		{D318CCA4-B16E-434D-B490-53A810FC949E}.Release|Any CPU.ActiveCfg = Release|Any CPU
		{D318CCA4-B16E-434D-B490-53A810FC949E}.Release|Any CPU.Build.0 = Release|Any CPU
		{D318CCA4-B16E-434D-B490-53A810FC949E}.Release|Mixed Platforms.ActiveCfg = Release|Any CPU
		{D318CCA4-B16E-434D-B490-53A810FC949E}.Release|Mixed Platforms.Build.0 = Release|Any CPU
		{D318CCA4-B16E-434D-B490-53A810FC949E}.Release|x86.ActiveCfg = Release|Any CPU
	EndGlobalSection
	GlobalSection(SolutionProperties) = preSolution
		HideSolutionNode = FALSE
	EndGlobalSection
EndGlobal
