Microsoft Visual Studio Solution File, Format Version 9.00
# Visual Studio 2005
Project("{FAE04EC0-301F-11D3-BF4B-00C04F79EFBC}") = "test-utilities_VS2005", "tests\test-utilities\test-utilities_VS2005.csproj", "{3E63AD0F-24D4-46BE-BEE4-5A3299847D86}"
	ProjectSection(ProjectDependencies) = postProject
		{83DD7E12-A705-4DBA-9D71-09C8973D9382} = {83DD7E12-A705-4DBA-9D71-09C8973D9382}
		{2E368281-3BA8-4050-B05E-0E0E43F8F446} = {2E368281-3BA8-4050-B05E-0E0E43F8F446}
		{98B10E98-003C-45A0-9587-119142E39986} = {98B10E98-003C-45A0-9587-119142E39986}
		{5110F0D2-8E50-46F8-9E17-7C8EBFECCA9D} = {5110F0D2-8E50-46F8-9E17-7C8EBFECCA9D}
		{61CE9CE5-943E-44D4-A381-814DC1406767} = {61CE9CE5-943E-44D4-A381-814DC1406767}
	EndProjectSection
EndProject
Project("{FAE04EC0-301F-11D3-BF4B-00C04F79EFBC}") = "mock-assembly_VS2005", "tests\mock-assembly\mock-assembly_VS2005.csproj", "{2E368281-3BA8-4050-B05E-0E0E43F8F446}"
	ProjectSection(ProjectDependencies) = postProject
		{83DD7E12-A705-4DBA-9D71-09C8973D9382} = {83DD7E12-A705-4DBA-9D71-09C8973D9382}
	EndProjectSection
EndProject
Project("{FAE04EC0-301F-11D3-BF4B-00C04F79EFBC}") = "nonamespace-assembly_VS2005", "tests\nonamespace-assembly\nonamespace-assembly_VS2005.csproj", "{5110F0D2-8E50-46F8-9E17-7C8EBFECCA9D}"
	ProjectSection(ProjectDependencies) = postProject
		{83DD7E12-A705-4DBA-9D71-09C8973D9382} = {83DD7E12-A705-4DBA-9D71-09C8973D9382}
	EndProjectSection
EndProject
Project("{FAE04EC0-301F-11D3-BF4B-00C04F79EFBC}") = "timing-tests_VS2005", "tests\timing-tests\timing-tests_VS2005.csproj", "{F16DED73-A2AD-4711-BC1B-5DDFC2BF8667}"
	ProjectSection(ProjectDependencies) = postProject
		{83DD7E12-A705-4DBA-9D71-09C8973D9382} = {83DD7E12-A705-4DBA-9D71-09C8973D9382}
		{2E368281-3BA8-4050-B05E-0E0E43F8F446} = {2E368281-3BA8-4050-B05E-0E0E43F8F446}
		{61CE9CE5-943E-44D4-A381-814DC1406767} = {61CE9CE5-943E-44D4-A381-814DC1406767}
	EndProjectSection
EndProject
Project("{FAE04EC0-301F-11D3-BF4B-00C04F79EFBC}") = "notestfixtures-assembly_VS2005", "tests\notestfixtures-assembly\notestfixtures-assembly_VS2005.csproj", "{8D330DE4-B980-4A57-9F07-E9F7A7A33F4F}"
EndProject
Project("{FAE04EC0-301F-11D3-BF4B-00C04F79EFBC}") = "nunit-console_VS2005", "ConsoleRunner\nunit-console\nunit-console_VS2005.csproj", "{9367EC89-6A38-42BA-9607-0DC288E4BC3A}"
EndProject
Project("{FAE04EC0-301F-11D3-BF4B-00C04F79EFBC}") = "nunit-gui_VS2005", "GuiRunner\nunit-gui\nunit-gui_VS2005.csproj", "{3FF340D5-D3B4-4DF0-BAF1-98B3C00B6148}"
EndProject
Project("{FAE04EC0-301F-11D3-BF4B-00C04F79EFBC}") = "nunit.mocks_VS2005", "NUnitMocks\mocks\nunit.mocks_VS2005.csproj", "{EEE7C98B-23E6-472D-9036-C2D53B0DFE7C}"
EndProject
Project("{FAE04EC0-301F-11D3-BF4B-00C04F79EFBC}") = "nunit.uikit.dll_VS2005", "GuiComponents\UiKit\nunit.uikit.dll_VS2005.csproj", "{27531BBF-183D-4C3A-935B-D840B9F1A3A4}"
EndProject
Project("{FAE04EC0-301F-11D3-BF4B-00C04F79EFBC}") = "nunit.util.dll_VS2005", "ClientUtilities\util\nunit.util.dll_VS2005.csproj", "{61CE9CE5-943E-44D4-A381-814DC1406767}"
EndProject
Project("{FAE04EC0-301F-11D3-BF4B-00C04F79EFBC}") = "nunit.framework.dll_VS2005", "NUnitFramework\framework\nunit.framework.dll_VS2005.csproj", "{83DD7E12-A705-4DBA-9D71-09C8973D9382}"
EndProject
Project("{FAE04EC0-301F-11D3-BF4B-00C04F79EFBC}") = "nunit.mocks.tests_VS2005", "NUnitMocks\tests\nunit.mocks.tests_VS2005.csproj", "{8667C588-1A05-4773-A9E8-272EB302B8AB}"
EndProject
Project("{FAE04EC0-301F-11D3-BF4B-00C04F79EFBC}") = "nunit.uikit.tests_VS2005", "GuiComponents\tests\nunit.uikit.tests_VS2005.csproj", "{63EC3999-FA6B-4C5B-8805-5A88AF4CBD7B}"
EndProject
Project("{FAE04EC0-301F-11D3-BF4B-00C04F79EFBC}") = "nunit-console.exe_VS2005", "ConsoleRunner\nunit-console-exe\nunit-console.exe_VS2005.csproj", "{53BF8787-CB9C-4BB8-AFB4-605DD3A5CA0E}"
EndProject
Project("{FAE04EC0-301F-11D3-BF4B-00C04F79EFBC}") = "nunit-console.tests_VS2005", "ConsoleRunner\tests\nunit-console.tests_VS2005.csproj", "{8597D2C6-804D-48CB-BFC7-ED2404D389B0}"
EndProject
Project("{FAE04EC0-301F-11D3-BF4B-00C04F79EFBC}") = "nunit.util.tests_VS2005", "ClientUtilities\tests\nunit.util.tests_VS2005.csproj", "{74EF7165-117E-48ED-98EA-068EAE438E53}"
EndProject
Project("{FAE04EC0-301F-11D3-BF4B-00C04F79EFBC}") = "nunit.framework.tests_VS2005", "NUnitFramework\tests\nunit.framework.tests_VS2005.csproj", "{8C326431-AE57-4645-ACC1-A90A0B425129}"
EndProject
Project("{FAE04EC0-301F-11D3-BF4B-00C04F79EFBC}") = "nunit-gui.exe_VS2005", "GuiRunner\nunit-gui-exe\nunit-gui.exe_VS2005.csproj", "{AAB186A4-FA3D-404D-AD78-7EB5BB861655}"
EndProject
Project("{FAE04EC0-301F-11D3-BF4B-00C04F79EFBC}") = "nunit-gui.tests_VS2005", "GuiRunner\tests\nunit-gui.tests_VS2005.csproj", "{AAD27267-DE1F-4F61-A1FB-D1680A5B8001}"
EndProject
Project("{FAE04EC0-301F-11D3-BF4B-00C04F79EFBC}") = "nunit.extensions.tests_VS2005", "NUnitExtensions\tests\nunit.extensions.tests_VS2005.csproj", "{92961F10-EB6D-4C91-AD4F-B4F27BA571B2}"
EndProject
Project("{FAE04EC0-301F-11D3-BF4B-00C04F79EFBC}") = "nunit.core.extensions.dll_VS2005", "NUnitExtensions\core\nunit.core.extensions.dll_VS2005.csproj", "{98B10E98-003C-45A0-9587-119142E39986}"
EndProject
Project("{2150E333-8FDC-42A3-9474-1A3956D46DE8}") = "Solution Items", "Solution Items", "{3EE8FF35-CFD4-474A-B122-68F5E8EE0C7D}"
	ProjectSection(SolutionItems) = preProject
		clr.bat = clr.bat
		CommonAssemblyInfo.cs = CommonAssemblyInfo.cs
		license.rtf = license.rtf
		nunit.snk = nunit.snk
		NUnitDevTests.nunit = NUnitDevTests.nunit
		NUnitFitTests.html = NUnitFitTests.html
		NUnitTests.config = NUnitTests.config
		NUnitTests.nunit = NUnitTests.nunit
	EndProjectSection
EndProject
Project("{FAE04EC0-301F-11D3-BF4B-00C04F79EFBC}") = "nunit.core.dll_VS2005", "NUnitCore\core\nunit.core.dll_VS2005.csproj", "{EBD43A7F-AFCA-4281-BB53-5CDD91F966A3}"
EndProject
Project("{FAE04EC0-301F-11D3-BF4B-00C04F79EFBC}") = "nunit.core.tests_VS2005", "NUnitCore\tests\nunit.core.tests_VS2005.csproj", "{DD758D21-E5D5-4D40-9450-5F65A32F359C}"
EndProject
Project("{FAE04EC0-301F-11D3-BF4B-00C04F79EFBC}") = "test-assembly_VS2005", "tests\test-assembly\test-assembly_VS2005.csproj", "{1960CAC4-9A82-47C5-A9B3-55BC37572C3C}"
EndProject
Project("{FAE04EC0-301F-11D3-BF4B-00C04F79EFBC}") = "nunit.framework.extensions.dll_VS2005", "NUnitExtensions\framework\nunit.framework.extensions.dll_VS2005.csproj", "{486C498D-B9F8-477F-ACA7-CED9245BBFCF}"
EndProject
Project("{FAE04EC0-301F-11D3-BF4B-00C04F79EFBC}") = "nunit.core.interfaces.dll_VS2005", "NUnitCore\interfaces\nunit.core.interfaces.dll_VS2005.csproj", "{DCC88998-255A-4247-B658-71DD932E9873}"
EndProject
Project("{FAE04EC0-301F-11D3-BF4B-00C04F79EFBC}") = "nunit.fixtures_VS2005", "NUnitFixtures\fixtures\nunit.fixtures_VS2005.csproj", "{67D6949E-F4D2-4821-B02B-4AAFC3F18B52}"
EndProject
Project("{FAE04EC0-301F-11D3-BF4B-00C04F79EFBC}") = "nunit.fixtures.tests_VS2005", "NUnitFixtures\tests\nunit.fixtures.tests_VS2005.csproj", "{55F2D231-743C-48DD-B79A-00E5A7236CBE}"
EndProject
Project("{FAE04EC0-301F-11D3-BF4B-00C04F79EFBC}") = "loadtest-assembly_VS2005", "tests\loadtest-assembly\loadtest-assembly_VS2005.csproj", "{34734263-6F6C-403D-AD8C-CE3F8E340EA9}"
EndProject
Global
	GlobalSection(SolutionConfigurationPlatforms) = preSolution
		Debug2005|Any CPU = Debug2005|Any CPU
		Release2005|Any CPU = Release2005|Any CPU
	EndGlobalSection
	GlobalSection(ProjectConfigurationPlatforms) = postSolution
		{3E63AD0F-24D4-46BE-BEE4-5A3299847D86}.Debug2005|Any CPU.ActiveCfg = Debug2005|Any CPU
		{3E63AD0F-24D4-46BE-BEE4-5A3299847D86}.Debug2005|Any CPU.Build.0 = Debug2005|Any CPU
		{3E63AD0F-24D4-46BE-BEE4-5A3299847D86}.Release2005|Any CPU.ActiveCfg = Release2005|Any CPU
		{3E63AD0F-24D4-46BE-BEE4-5A3299847D86}.Release2005|Any CPU.Build.0 = Release2005|Any CPU
		{2E368281-3BA8-4050-B05E-0E0E43F8F446}.Debug2005|Any CPU.ActiveCfg = Debug2005|Any CPU
		{2E368281-3BA8-4050-B05E-0E0E43F8F446}.Debug2005|Any CPU.Build.0 = Debug2005|Any CPU
		{2E368281-3BA8-4050-B05E-0E0E43F8F446}.Release2005|Any CPU.ActiveCfg = Release2005|Any CPU
		{2E368281-3BA8-4050-B05E-0E0E43F8F446}.Release2005|Any CPU.Build.0 = Release2005|Any CPU
		{5110F0D2-8E50-46F8-9E17-7C8EBFECCA9D}.Debug2005|Any CPU.ActiveCfg = Debug2005|Any CPU
		{5110F0D2-8E50-46F8-9E17-7C8EBFECCA9D}.Debug2005|Any CPU.Build.0 = Debug2005|Any CPU
		{5110F0D2-8E50-46F8-9E17-7C8EBFECCA9D}.Release2005|Any CPU.ActiveCfg = Release2005|Any CPU
		{5110F0D2-8E50-46F8-9E17-7C8EBFECCA9D}.Release2005|Any CPU.Build.0 = Release2005|Any CPU
		{F16DED73-A2AD-4711-BC1B-5DDFC2BF8667}.Debug2005|Any CPU.ActiveCfg = Debug2005|Any CPU
		{F16DED73-A2AD-4711-BC1B-5DDFC2BF8667}.Debug2005|Any CPU.Build.0 = Debug2005|Any CPU
		{F16DED73-A2AD-4711-BC1B-5DDFC2BF8667}.Release2005|Any CPU.ActiveCfg = Release2005|Any CPU
		{F16DED73-A2AD-4711-BC1B-5DDFC2BF8667}.Release2005|Any CPU.Build.0 = Release2005|Any CPU
		{8D330DE4-B980-4A57-9F07-E9F7A7A33F4F}.Debug2005|Any CPU.ActiveCfg = Debug2005|Any CPU
		{8D330DE4-B980-4A57-9F07-E9F7A7A33F4F}.Debug2005|Any CPU.Build.0 = Debug2005|Any CPU
		{8D330DE4-B980-4A57-9F07-E9F7A7A33F4F}.Release2005|Any CPU.ActiveCfg = Release2005|Any CPU
		{8D330DE4-B980-4A57-9F07-E9F7A7A33F4F}.Release2005|Any CPU.Build.0 = Release2005|Any CPU
		{9367EC89-6A38-42BA-9607-0DC288E4BC3A}.Debug2005|Any CPU.ActiveCfg = Debug2005|Any CPU
		{9367EC89-6A38-42BA-9607-0DC288E4BC3A}.Debug2005|Any CPU.Build.0 = Debug2005|Any CPU
		{9367EC89-6A38-42BA-9607-0DC288E4BC3A}.Release2005|Any CPU.ActiveCfg = Release2005|Any CPU
		{9367EC89-6A38-42BA-9607-0DC288E4BC3A}.Release2005|Any CPU.Build.0 = Release2005|Any CPU
		{3FF340D5-D3B4-4DF0-BAF1-98B3C00B6148}.Debug2005|Any CPU.ActiveCfg = Debug2005|Any CPU
		{3FF340D5-D3B4-4DF0-BAF1-98B3C00B6148}.Debug2005|Any CPU.Build.0 = Debug2005|Any CPU
		{3FF340D5-D3B4-4DF0-BAF1-98B3C00B6148}.Release2005|Any CPU.ActiveCfg = Release2005|Any CPU
		{3FF340D5-D3B4-4DF0-BAF1-98B3C00B6148}.Release2005|Any CPU.Build.0 = Release2005|Any CPU
		{EEE7C98B-23E6-472D-9036-C2D53B0DFE7C}.Debug2005|Any CPU.ActiveCfg = Debug2005|Any CPU
		{EEE7C98B-23E6-472D-9036-C2D53B0DFE7C}.Debug2005|Any CPU.Build.0 = Debug2005|Any CPU
		{EEE7C98B-23E6-472D-9036-C2D53B0DFE7C}.Release2005|Any CPU.ActiveCfg = Release2005|Any CPU
		{EEE7C98B-23E6-472D-9036-C2D53B0DFE7C}.Release2005|Any CPU.Build.0 = Release2005|Any CPU
		{27531BBF-183D-4C3A-935B-D840B9F1A3A4}.Debug2005|Any CPU.ActiveCfg = Debug2005|Any CPU
		{27531BBF-183D-4C3A-935B-D840B9F1A3A4}.Debug2005|Any CPU.Build.0 = Debug2005|Any CPU
		{27531BBF-183D-4C3A-935B-D840B9F1A3A4}.Release2005|Any CPU.ActiveCfg = Release2005|Any CPU
		{27531BBF-183D-4C3A-935B-D840B9F1A3A4}.Release2005|Any CPU.Build.0 = Release2005|Any CPU
		{61CE9CE5-943E-44D4-A381-814DC1406767}.Debug2005|Any CPU.ActiveCfg = Debug2005|Any CPU
		{61CE9CE5-943E-44D4-A381-814DC1406767}.Debug2005|Any CPU.Build.0 = Debug2005|Any CPU
		{61CE9CE5-943E-44D4-A381-814DC1406767}.Release2005|Any CPU.ActiveCfg = Release2005|Any CPU
		{61CE9CE5-943E-44D4-A381-814DC1406767}.Release2005|Any CPU.Build.0 = Release2005|Any CPU
		{83DD7E12-A705-4DBA-9D71-09C8973D9382}.Debug2005|Any CPU.ActiveCfg = Debug2005|Any CPU
		{83DD7E12-A705-4DBA-9D71-09C8973D9382}.Debug2005|Any CPU.Build.0 = Debug2005|Any CPU
		{83DD7E12-A705-4DBA-9D71-09C8973D9382}.Release2005|Any CPU.ActiveCfg = Release2005|Any CPU
		{83DD7E12-A705-4DBA-9D71-09C8973D9382}.Release2005|Any CPU.Build.0 = Release2005|Any CPU
		{8667C588-1A05-4773-A9E8-272EB302B8AB}.Debug2005|Any CPU.ActiveCfg = Debug2005|Any CPU
		{8667C588-1A05-4773-A9E8-272EB302B8AB}.Debug2005|Any CPU.Build.0 = Debug2005|Any CPU
		{8667C588-1A05-4773-A9E8-272EB302B8AB}.Release2005|Any CPU.ActiveCfg = Release2005|Any CPU
		{8667C588-1A05-4773-A9E8-272EB302B8AB}.Release2005|Any CPU.Build.0 = Release2005|Any CPU
		{63EC3999-FA6B-4C5B-8805-5A88AF4CBD7B}.Debug2005|Any CPU.ActiveCfg = Debug2005|Any CPU
		{63EC3999-FA6B-4C5B-8805-5A88AF4CBD7B}.Debug2005|Any CPU.Build.0 = Debug2005|Any CPU
		{63EC3999-FA6B-4C5B-8805-5A88AF4CBD7B}.Release2005|Any CPU.ActiveCfg = Release2005|Any CPU
		{63EC3999-FA6B-4C5B-8805-5A88AF4CBD7B}.Release2005|Any CPU.Build.0 = Release2005|Any CPU
		{53BF8787-CB9C-4BB8-AFB4-605DD3A5CA0E}.Debug2005|Any CPU.ActiveCfg = Debug2005|Any CPU
		{53BF8787-CB9C-4BB8-AFB4-605DD3A5CA0E}.Debug2005|Any CPU.Build.0 = Debug2005|Any CPU
		{53BF8787-CB9C-4BB8-AFB4-605DD3A5CA0E}.Release2005|Any CPU.ActiveCfg = Release2005|Any CPU
		{53BF8787-CB9C-4BB8-AFB4-605DD3A5CA0E}.Release2005|Any CPU.Build.0 = Release2005|Any CPU
		{8597D2C6-804D-48CB-BFC7-ED2404D389B0}.Debug2005|Any CPU.ActiveCfg = Debug2005|Any CPU
		{8597D2C6-804D-48CB-BFC7-ED2404D389B0}.Debug2005|Any CPU.Build.0 = Debug2005|Any CPU
		{8597D2C6-804D-48CB-BFC7-ED2404D389B0}.Release2005|Any CPU.ActiveCfg = Release2005|Any CPU
		{8597D2C6-804D-48CB-BFC7-ED2404D389B0}.Release2005|Any CPU.Build.0 = Release2005|Any CPU
		{74EF7165-117E-48ED-98EA-068EAE438E53}.Debug2005|Any CPU.ActiveCfg = Debug2005|Any CPU
		{74EF7165-117E-48ED-98EA-068EAE438E53}.Debug2005|Any CPU.Build.0 = Debug2005|Any CPU
		{74EF7165-117E-48ED-98EA-068EAE438E53}.Release2005|Any CPU.ActiveCfg = Release2005|Any CPU
		{74EF7165-117E-48ED-98EA-068EAE438E53}.Release2005|Any CPU.Build.0 = Release2005|Any CPU
		{8C326431-AE57-4645-ACC1-A90A0B425129}.Debug2005|Any CPU.ActiveCfg = Debug2005|Any CPU
		{8C326431-AE57-4645-ACC1-A90A0B425129}.Debug2005|Any CPU.Build.0 = Debug2005|Any CPU
		{8C326431-AE57-4645-ACC1-A90A0B425129}.Release2005|Any CPU.ActiveCfg = Release2005|Any CPU
		{8C326431-AE57-4645-ACC1-A90A0B425129}.Release2005|Any CPU.Build.0 = Release2005|Any CPU
		{AAB186A4-FA3D-404D-AD78-7EB5BB861655}.Debug2005|Any CPU.ActiveCfg = Debug2005|Any CPU
		{AAB186A4-FA3D-404D-AD78-7EB5BB861655}.Debug2005|Any CPU.Build.0 = Debug2005|Any CPU
		{AAB186A4-FA3D-404D-AD78-7EB5BB861655}.Release2005|Any CPU.ActiveCfg = Release2005|Any CPU
		{AAB186A4-FA3D-404D-AD78-7EB5BB861655}.Release2005|Any CPU.Build.0 = Release2005|Any CPU
		{AAD27267-DE1F-4F61-A1FB-D1680A5B8001}.Debug2005|Any CPU.ActiveCfg = Debug2005|Any CPU
		{AAD27267-DE1F-4F61-A1FB-D1680A5B8001}.Debug2005|Any CPU.Build.0 = Debug2005|Any CPU
		{AAD27267-DE1F-4F61-A1FB-D1680A5B8001}.Release2005|Any CPU.ActiveCfg = Release2005|Any CPU
		{AAD27267-DE1F-4F61-A1FB-D1680A5B8001}.Release2005|Any CPU.Build.0 = Release2005|Any CPU
		{92961F10-EB6D-4C91-AD4F-B4F27BA571B2}.Debug2005|Any CPU.ActiveCfg = Debug2005|Any CPU
		{92961F10-EB6D-4C91-AD4F-B4F27BA571B2}.Debug2005|Any CPU.Build.0 = Debug2005|Any CPU
		{92961F10-EB6D-4C91-AD4F-B4F27BA571B2}.Release2005|Any CPU.ActiveCfg = Release2005|Any CPU
		{92961F10-EB6D-4C91-AD4F-B4F27BA571B2}.Release2005|Any CPU.Build.0 = Release2005|Any CPU
		{98B10E98-003C-45A0-9587-119142E39986}.Debug2005|Any CPU.ActiveCfg = Debug2005|Any CPU
		{98B10E98-003C-45A0-9587-119142E39986}.Debug2005|Any CPU.Build.0 = Debug2005|Any CPU
		{98B10E98-003C-45A0-9587-119142E39986}.Release2005|Any CPU.ActiveCfg = Release2005|Any CPU
		{98B10E98-003C-45A0-9587-119142E39986}.Release2005|Any CPU.Build.0 = Release2005|Any CPU
		{EBD43A7F-AFCA-4281-BB53-5CDD91F966A3}.Debug2005|Any CPU.ActiveCfg = Debug2005|Any CPU
		{EBD43A7F-AFCA-4281-BB53-5CDD91F966A3}.Debug2005|Any CPU.Build.0 = Debug2005|Any CPU
		{EBD43A7F-AFCA-4281-BB53-5CDD91F966A3}.Release2005|Any CPU.ActiveCfg = Release2005|Any CPU
		{EBD43A7F-AFCA-4281-BB53-5CDD91F966A3}.Release2005|Any CPU.Build.0 = Release2005|Any CPU
		{DD758D21-E5D5-4D40-9450-5F65A32F359C}.Debug2005|Any CPU.ActiveCfg = Debug2005|Any CPU
		{DD758D21-E5D5-4D40-9450-5F65A32F359C}.Debug2005|Any CPU.Build.0 = Debug2005|Any CPU
		{DD758D21-E5D5-4D40-9450-5F65A32F359C}.Release2005|Any CPU.ActiveCfg = Release2005|Any CPU
		{DD758D21-E5D5-4D40-9450-5F65A32F359C}.Release2005|Any CPU.Build.0 = Release2005|Any CPU
		{1960CAC4-9A82-47C5-A9B3-55BC37572C3C}.Debug2005|Any CPU.ActiveCfg = Debug2005|Any CPU
		{1960CAC4-9A82-47C5-A9B3-55BC37572C3C}.Debug2005|Any CPU.Build.0 = Debug2005|Any CPU
		{1960CAC4-9A82-47C5-A9B3-55BC37572C3C}.Release2005|Any CPU.ActiveCfg = Release2005|Any CPU
		{1960CAC4-9A82-47C5-A9B3-55BC37572C3C}.Release2005|Any CPU.Build.0 = Release2005|Any CPU
		{486C498D-B9F8-477F-ACA7-CED9245BBFCF}.Debug2005|Any CPU.ActiveCfg = Debug2005|Any CPU
		{486C498D-B9F8-477F-ACA7-CED9245BBFCF}.Debug2005|Any CPU.Build.0 = Debug2005|Any CPU
		{486C498D-B9F8-477F-ACA7-CED9245BBFCF}.Release2005|Any CPU.ActiveCfg = Release2005|Any CPU
		{486C498D-B9F8-477F-ACA7-CED9245BBFCF}.Release2005|Any CPU.Build.0 = Release2005|Any CPU
		{DCC88998-255A-4247-B658-71DD932E9873}.Debug2005|Any CPU.ActiveCfg = Debug2005|Any CPU
		{DCC88998-255A-4247-B658-71DD932E9873}.Debug2005|Any CPU.Build.0 = Debug2005|Any CPU
		{DCC88998-255A-4247-B658-71DD932E9873}.Release2005|Any CPU.ActiveCfg = Release2005|Any CPU
		{DCC88998-255A-4247-B658-71DD932E9873}.Release2005|Any CPU.Build.0 = Release2005|Any CPU
		{67D6949E-F4D2-4821-B02B-4AAFC3F18B52}.Debug2005|Any CPU.ActiveCfg = Debug2005|Any CPU
		{67D6949E-F4D2-4821-B02B-4AAFC3F18B52}.Debug2005|Any CPU.Build.0 = Debug2005|Any CPU
		{67D6949E-F4D2-4821-B02B-4AAFC3F18B52}.Release2005|Any CPU.ActiveCfg = Release2005|Any CPU
		{67D6949E-F4D2-4821-B02B-4AAFC3F18B52}.Release2005|Any CPU.Build.0 = Release2005|Any CPU
		{55F2D231-743C-48DD-B79A-00E5A7236CBE}.Debug2005|Any CPU.ActiveCfg = Debug2005|Any CPU
		{55F2D231-743C-48DD-B79A-00E5A7236CBE}.Debug2005|Any CPU.Build.0 = Debug2005|Any CPU
		{55F2D231-743C-48DD-B79A-00E5A7236CBE}.Release2005|Any CPU.ActiveCfg = Release2005|Any CPU
		{55F2D231-743C-48DD-B79A-00E5A7236CBE}.Release2005|Any CPU.Build.0 = Release2005|Any CPU
		{34734263-6F6C-403D-AD8C-CE3F8E340EA9}.Debug2005|Any CPU.ActiveCfg = Debug2005|Any CPU
		{34734263-6F6C-403D-AD8C-CE3F8E340EA9}.Debug2005|Any CPU.Build.0 = Debug2005|Any CPU
		{34734263-6F6C-403D-AD8C-CE3F8E340EA9}.Release2005|Any CPU.ActiveCfg = Release2005|Any CPU
		{34734263-6F6C-403D-AD8C-CE3F8E340EA9}.Release2005|Any CPU.Build.0 = Release2005|Any CPU
	EndGlobalSection
	GlobalSection(SolutionProperties) = preSolution
		HideSolutionNode = FALSE
	EndGlobalSection
EndGlobal
