Microsoft Visual Studio Solution File, Format Version 9.00
# SharpDevelop 2.0.0.1135
Project("{FAE04EC0-301F-11D3-BF4B-00C04F79EFBC}") = "Microsoft.Build.Engine.Test", "Microsoft.Build.Engine.Test.csproj", "{A2F451CD-8701-434A-A562-EF1809E2DB7D}"
EndProject
Global
	GlobalSection(SolutionConfigurationPlatforms) = preSolution
		Debug|Any CPU = Debug|Any CPU
		Release|Any CPU = Release|Any CPU
	EndGlobalSection
	GlobalSection(ProjectConfigurationPlatforms) = postSolution
		{A2F451CD-8701-434A-A562-EF1809E2DB7D}.Debug|Any CPU.Build.0 = Debug|Any CPU
		{A2F451CD-8701-434A-A562-EF1809E2DB7D}.Debug|Any CPU.ActiveCfg = Debug|Any CPU
		{A2F451CD-8701-434A-A562-EF1809E2DB7D}.Release|Any CPU.Build.0 = Release|Any CPU
		{A2F451CD-8701-434A-A562-EF1809E2DB7D}.Release|Any CPU.ActiveCfg = Release|Any CPU
	EndGlobalSection
EndGlobal
