Microsoft Visual Studio Solution File, Format Version 9.00
# SharpDevelop 2.0.0.1135
Project("{FAE04EC0-301F-11D3-BF4B-00C04F79EFBC}") = "Microsoft.Build.Utilities.Test", "Microsoft.Build.Utilities.Test.csproj", "{B8686B1D-71EF-425D-AAB6-7704AA8F23FA}"
EndProject
Global
	GlobalSection(SolutionConfigurationPlatforms) = preSolution
		Debug|Any CPU = Debug|Any CPU
		Release|Any CPU = Release|Any CPU
	EndGlobalSection
	GlobalSection(ProjectConfigurationPlatforms) = postSolution
		{B8686B1D-71EF-425D-AAB6-7704AA8F23FA}.Debug|Any CPU.Build.0 = Debug|Any CPU
		{B8686B1D-71EF-425D-AAB6-7704AA8F23FA}.Debug|Any CPU.ActiveCfg = Debug|Any CPU
		{B8686B1D-71EF-425D-AAB6-7704AA8F23FA}.Release|Any CPU.Build.0 = Release|Any CPU
		{B8686B1D-71EF-425D-AAB6-7704AA8F23FA}.Release|Any CPU.ActiveCfg = Release|Any CPU
	EndGlobalSection
EndGlobal
