
Microsoft Visual Studio Solution File, Format Version 9.00
# Visual C# Express 2005
Project("{FAE04EC0-301F-11D3-BF4B-00C04F79EFBC}") = "Microsoft.Build.Utilities.Test", "Microsoft.Build.Utilities.Test.csproj", "{DC97F667-4341-4764-8F35-E1E0B2705A51}"
EndProject
Global
	GlobalSection(SolutionConfigurationPlatforms) = preSolution
		Debug|Any CPU = Debug|Any CPU
		Release|Any CPU = Release|Any CPU
	EndGlobalSection
	GlobalSection(ProjectConfigurationPlatforms) = postSolution
		{DC97F667-4341-4764-8F35-E1E0B2705A51}.Debug|Any CPU.ActiveCfg = Debug|Any CPU
		{DC97F667-4341-4764-8F35-E1E0B2705A51}.Debug|Any CPU.Build.0 = Debug|Any CPU
		{DC97F667-4341-4764-8F35-E1E0B2705A51}.Release|Any CPU.ActiveCfg = Release|Any CPU
		{DC97F667-4341-4764-8F35-E1E0B2705A51}.Release|Any CPU.Build.0 = Release|Any CPU
	EndGlobalSection
	GlobalSection(SolutionProperties) = preSolution
		HideSolutionNode = FALSE
	EndGlobalSection
EndGlobal
