Microsoft Visual Studio Solution File, Format Version 8.00
Project("{83B010C7-76FC-4FAD-A26C-00D7EFE60256}") = "System.Drawing", "System.Drawing.vmwcsproj", "{33E3C30E-1978-4FBD-A743-AF0885938266}"
	ProjectSection(ProjectDependencies) = postProject
	EndProjectSection
EndProject
Global
	GlobalSection(SolutionConfiguration) = preSolution
		Debug_Java = Debug_Java
		Release_Java = Release_Java
	EndGlobalSection
	GlobalSection(ProjectConfiguration) = postSolution
		{33E3C30E-1978-4FBD-A743-AF0885938266}.Debug_Java.ActiveCfg = Debug_Java|.NET
		{33E3C30E-1978-4FBD-A743-AF0885938266}.Debug_Java.Build.0 = Debug_Java|.NET
		{33E3C30E-1978-4FBD-A743-AF0885938266}.Release_Java.ActiveCfg = Release_Java|.NET
		{33E3C30E-1978-4FBD-A743-AF0885938266}.Release_Java.Build.0 = Release_Java|.NET
	EndGlobalSection
	GlobalSection(ExtensibilityGlobals) = postSolution
	EndGlobalSection
	GlobalSection(ExtensibilityAddIns) = postSolution
	EndGlobalSection
EndGlobal
