Microsoft Visual Studio Solution File, Format Version 8.00
Project("{FAE04EC0-301F-11D3-BF4B-00C04F79EFBC}") = "Test.dotnet", "..\Test.dotnet.csproj", "{DFE29E81-D6A8-45D4-A627-161F462BE767}"
	ProjectSection(ProjectDependencies) = postProject
	EndProjectSection
EndProject
Project("{FAE04EC0-301F-11D3-BF4B-00C04F79EFBC}") = "Exocortex.DSP.v1", "Exocortex.DSP\src\Exocortex.DSP.v1.csproj", "{1904A41B-D1B8-40E5-ADBB-728DDCF7C816}"
	ProjectSection(ProjectDependencies) = postProject
	EndProjectSection
EndProject
Project("{FAE04EC0-301F-11D3-BF4B-00C04F79EFBC}") = "DrawingTestHelper", "DrawingTestHelper\DrawingTestHelper.csproj", "{8EF9FC71-4D70-4F89-BF4D-B83EF37D4A0C}"
	ProjectSection(ProjectDependencies) = postProject
	EndProjectSection
EndProject
Project("{FAE04EC0-301F-11D3-BF4B-00C04F79EFBC}") = "nunit.core.dll.J2EE", "..\..\..\..\nunit20\core\nunit.core.dll.J2EE.vmwcsproj", "{7C52A6A5-71ED-4468-9564-2FF5CD6E6E6C}"
	ProjectSection(ProjectDependencies) = postProject
	EndProjectSection
EndProject
Project("{FAE04EC0-301F-11D3-BF4B-00C04F79EFBC}") = "nunit.framework.dll.J2EE", "..\..\..\..\nunit20\framework\nunit.framework.dll.J2EE.vmwcsproj", "{39CC8FF7-EF1A-41A1-B727-42684211ECD1}"
	ProjectSection(ProjectDependencies) = postProject
	EndProjectSection
EndProject
Project("{FAE04EC0-301F-11D3-BF4B-00C04F79EFBC}") = "nunit.util.dll.J2EE", "..\..\..\..\nunit20\util\nunit.util.dll.J2EE.vmwcsproj", "{36BE0465-4DE4-44CE-AF8D-6E50D0C40BC6}"
	ProjectSection(ProjectDependencies) = postProject
	EndProjectSection
EndProject
Project("{FAE04EC0-301F-11D3-BF4B-00C04F79EFBC}") = "nunit-console.J2EE", "..\..\..\..\nunit20\nunit-console\nunit-console.J2EE.vmwcsproj", "{EE901CF2-A263-471C-AEE2-2400A7105ABE}"
	ProjectSection(ProjectDependencies) = postProject
	EndProjectSection
EndProject
Global
	GlobalSection(SolutionConfiguration) = preSolution
		Debug = Debug
		Debug_Java = Debug_Java
		Release = Release
		Release_Java = Release_Java
	EndGlobalSection
	GlobalSection(ProjectConfiguration) = postSolution
		{DFE29E81-D6A8-45D4-A627-161F462BE767}.Debug.ActiveCfg = Debug|.NET
		{DFE29E81-D6A8-45D4-A627-161F462BE767}.Debug.Build.0 = Debug|.NET
		{DFE29E81-D6A8-45D4-A627-161F462BE767}.Debug_Java.ActiveCfg = Debug|.NET
		{DFE29E81-D6A8-45D4-A627-161F462BE767}.Debug_Java.Build.0 = Debug|.NET
		{DFE29E81-D6A8-45D4-A627-161F462BE767}.Release.ActiveCfg = Release|.NET
		{DFE29E81-D6A8-45D4-A627-161F462BE767}.Release.Build.0 = Release|.NET
		{DFE29E81-D6A8-45D4-A627-161F462BE767}.Release_Java.ActiveCfg = Release|.NET
		{DFE29E81-D6A8-45D4-A627-161F462BE767}.Release_Java.Build.0 = Release|.NET
		{1904A41B-D1B8-40E5-ADBB-728DDCF7C816}.Debug.ActiveCfg = Debug|.NET
		{1904A41B-D1B8-40E5-ADBB-728DDCF7C816}.Debug.Build.0 = Debug|.NET
		{1904A41B-D1B8-40E5-ADBB-728DDCF7C816}.Debug_Java.ActiveCfg = Debug|.NET
		{1904A41B-D1B8-40E5-ADBB-728DDCF7C816}.Debug_Java.Build.0 = Debug|.NET
		{1904A41B-D1B8-40E5-ADBB-728DDCF7C816}.Release.ActiveCfg = Release|.NET
		{1904A41B-D1B8-40E5-ADBB-728DDCF7C816}.Release.Build.0 = Release|.NET
		{1904A41B-D1B8-40E5-ADBB-728DDCF7C816}.Release_Java.ActiveCfg = Release|.NET
		{1904A41B-D1B8-40E5-ADBB-728DDCF7C816}.Release_Java.Build.0 = Release|.NET
		{8EF9FC71-4D70-4F89-BF4D-B83EF37D4A0C}.Debug.ActiveCfg = Debug|.NET
		{8EF9FC71-4D70-4F89-BF4D-B83EF37D4A0C}.Debug.Build.0 = Debug|.NET
		{8EF9FC71-4D70-4F89-BF4D-B83EF37D4A0C}.Debug_Java.ActiveCfg = Debug|.NET
		{8EF9FC71-4D70-4F89-BF4D-B83EF37D4A0C}.Debug_Java.Build.0 = Debug|.NET
		{8EF9FC71-4D70-4F89-BF4D-B83EF37D4A0C}.Release.ActiveCfg = Release|.NET
		{8EF9FC71-4D70-4F89-BF4D-B83EF37D4A0C}.Release.Build.0 = Release|.NET
		{8EF9FC71-4D70-4F89-BF4D-B83EF37D4A0C}.Release_Java.ActiveCfg = Release|.NET
		{8EF9FC71-4D70-4F89-BF4D-B83EF37D4A0C}.Release_Java.Build.0 = Release|.NET
		{7C52A6A5-71ED-4468-9564-2FF5CD6E6E6C}.Debug.ActiveCfg = Debug_Java|.NET
		{7C52A6A5-71ED-4468-9564-2FF5CD6E6E6C}.Debug.Build.0 = Debug_Java|.NET
		{7C52A6A5-71ED-4468-9564-2FF5CD6E6E6C}.Debug_Java.ActiveCfg = Debug_Java|.NET
		{7C52A6A5-71ED-4468-9564-2FF5CD6E6E6C}.Debug_Java.Build.0 = Debug_Java|.NET
		{7C52A6A5-71ED-4468-9564-2FF5CD6E6E6C}.Release.ActiveCfg = Release_Java|.NET
		{7C52A6A5-71ED-4468-9564-2FF5CD6E6E6C}.Release.Build.0 = Release_Java|.NET
		{7C52A6A5-71ED-4468-9564-2FF5CD6E6E6C}.Release_Java.ActiveCfg = Release_Java|.NET
		{7C52A6A5-71ED-4468-9564-2FF5CD6E6E6C}.Release_Java.Build.0 = Release_Java|.NET
		{39CC8FF7-EF1A-41A1-B727-42684211ECD1}.Debug.ActiveCfg = Debug_Java|.NET
		{39CC8FF7-EF1A-41A1-B727-42684211ECD1}.Debug.Build.0 = Debug_Java|.NET
		{39CC8FF7-EF1A-41A1-B727-42684211ECD1}.Debug_Java.ActiveCfg = Debug_Java|.NET
		{39CC8FF7-EF1A-41A1-B727-42684211ECD1}.Debug_Java.Build.0 = Debug_Java|.NET
		{39CC8FF7-EF1A-41A1-B727-42684211ECD1}.Release.ActiveCfg = Release_Java|.NET
		{39CC8FF7-EF1A-41A1-B727-42684211ECD1}.Release.Build.0 = Release_Java|.NET
		{39CC8FF7-EF1A-41A1-B727-42684211ECD1}.Release_Java.ActiveCfg = Release_Java|.NET
		{39CC8FF7-EF1A-41A1-B727-42684211ECD1}.Release_Java.Build.0 = Release_Java|.NET
		{36BE0465-4DE4-44CE-AF8D-6E50D0C40BC6}.Debug.ActiveCfg = Debug_Java|.NET
		{36BE0465-4DE4-44CE-AF8D-6E50D0C40BC6}.Debug.Build.0 = Debug_Java|.NET
		{36BE0465-4DE4-44CE-AF8D-6E50D0C40BC6}.Debug_Java.ActiveCfg = Debug_Java|.NET
		{36BE0465-4DE4-44CE-AF8D-6E50D0C40BC6}.Debug_Java.Build.0 = Debug_Java|.NET
		{36BE0465-4DE4-44CE-AF8D-6E50D0C40BC6}.Release.ActiveCfg = Release_Java|.NET
		{36BE0465-4DE4-44CE-AF8D-6E50D0C40BC6}.Release.Build.0 = Release_Java|.NET
		{36BE0465-4DE4-44CE-AF8D-6E50D0C40BC6}.Release_Java.ActiveCfg = Release_Java|.NET
		{36BE0465-4DE4-44CE-AF8D-6E50D0C40BC6}.Release_Java.Build.0 = Release_Java|.NET
		{EE901CF2-A263-471C-AEE2-2400A7105ABE}.Debug.ActiveCfg = Debug_Java|.NET
		{EE901CF2-A263-471C-AEE2-2400A7105ABE}.Debug.Build.0 = Debug_Java|.NET
		{EE901CF2-A263-471C-AEE2-2400A7105ABE}.Debug_Java.ActiveCfg = Debug_Java|.NET
		{EE901CF2-A263-471C-AEE2-2400A7105ABE}.Debug_Java.Build.0 = Debug_Java|.NET
		{EE901CF2-A263-471C-AEE2-2400A7105ABE}.Release.ActiveCfg = Release_Java|.NET
		{EE901CF2-A263-471C-AEE2-2400A7105ABE}.Release.Build.0 = Release_Java|.NET
		{EE901CF2-A263-471C-AEE2-2400A7105ABE}.Release_Java.ActiveCfg = Release_Java|.NET
		{EE901CF2-A263-471C-AEE2-2400A7105ABE}.Release_Java.Build.0 = Release_Java|.NET
	EndGlobalSection
	GlobalSection(ExtensibilityGlobals) = postSolution
	EndGlobalSection
	GlobalSection(ExtensibilityAddIns) = postSolution
	EndGlobalSection
EndGlobal
