<?xml version="1.0" encoding="utf-8"?>
<Project ToolsVersion="4.0" xmlns="http://schemas.microsoft.com/developer/msbuild/2003">
  <ItemGroup>
    <ClCompile Include="$(MonoSourceLocation)\mono\utils\unity-rand.c">
      <Filter>Source Files</Filter>
    </ClCompile>
    <ClCompile Include="$(MonoSourceLocation)\mono\utils\unity-time.c">
      <Filter>Source Files</Filter>
    </ClCompile>
    <!-- This should be replaced with Unity PAL version when implemented -->
    <ClCompile Include="$(MonoSourceLocation)\mono\utils\os-event-win32.c">
      <Filter>Source Files</Filter>
    </ClCompile>
  </ItemGroup>
</Project>
