
Microsoft Visual Studio Solution File, Format Version 11.00
# Visual Studio 2010
Project("{FAE04EC0-301F-11D3-BF4B-00C04F79EFBC}") = "System.Windows.Forms-tests-net_2_0", "System.Windows.Forms-tests-net_2_0.csproj", "{155AEF28-C81F-405D-9072-9D52780E3E70}"
EndProject
Global
	GlobalSection(SolutionConfigurationPlatforms) = preSolution
		Debug|Any CPU = Debug|Any CPU
		Release|Any CPU = Release|Any CPU
	EndGlobalSection
	GlobalSection(ProjectConfigurationPlatforms) = postSolution
		{155AEF28-C81F-405D-9072-9D52780E3E70}.Debug|Any CPU.ActiveCfg = Debug|Any CPU
		{155AEF28-C81F-405D-9072-9D52780E3E70}.Debug|Any CPU.Build.0 = Debug|Any CPU
		{155AEF28-C81F-405D-9072-9D52780E3E70}.Release|Any CPU.ActiveCfg = Release|Any CPU
		{155AEF28-C81F-405D-9072-9D52780E3E70}.Release|Any CPU.Build.0 = Release|Any CPU
	EndGlobalSection
	GlobalSection(MonoDevelopProperties) = preSolution
		StartupItem = System.Windows.Forms-tests-net_2_0.csproj
	EndGlobalSection
EndGlobal
