
Microsoft Visual Studio Solution File, Format Version 12.00
# Visual Studio 2012
Project("{FAE04EC0-301F-11D3-BF4B-00C04F79EFBC}") = "RuntimeTests", "RuntimeTests.csproj", "{71CD4DAD-A331-462E-95FD-2ED2FB40AC25}"
EndProject
Global
	GlobalSection(SolutionConfigurationPlatforms) = preSolution
		Debug|Any CPU = Debug|Any CPU
		Release|Any CPU = Release|Any CPU
	EndGlobalSection
	GlobalSection(ProjectConfigurationPlatforms) = postSolution
		{71CD4DAD-A331-462E-95FD-2ED2FB40AC25}.Debug|Any CPU.ActiveCfg = Debug|Any CPU
		{71CD4DAD-A331-462E-95FD-2ED2FB40AC25}.Debug|Any CPU.Build.0 = Debug|Any CPU
		{71CD4DAD-A331-462E-95FD-2ED2FB40AC25}.Release|Any CPU.ActiveCfg = Release|Any CPU
		{71CD4DAD-A331-462E-95FD-2ED2FB40AC25}.Release|Any CPU.Build.0 = Release|Any CPU
	EndGlobalSection
EndGlobal
