
Microsoft Visual Studio Solution File, Format Version 11.00
# Visual Studio 2010
Project("{9862694d-e4fa-418b-8692-a0280feddf36}") = "System.Net.Http-net_4_5", "System.Net.Http-net_4_5.csproj", "{9862694d-e4fa-418b-8692-a0280feddf36}"
EndProject
Project("{FAE04EC0-301F-11D3-BF4B-00C04F79EFBC}") = "System.Net.Http-tests-net_4_5", "System.Net.Http-tests-net_4_5.csproj", "{155AEF28-C81F-405D-9072-9D52780E3E70}"
EndProject
Global
	GlobalSection(SolutionConfigurationPlatforms) = preSolution
		Debug|Any CPU = Debug|Any CPU
		Release|Any CPU = Release|Any CPU
	EndGlobalSection
	GlobalSection(ProjectConfigurationPlatforms) = postSolution
		{9862694d-e4fa-418b-8692-a0280feddf36}.Debug|Any CPU.ActiveCfg = Debug|Any CPU
		{155AEF28-C81F-405D-9072-9D52780E3E70}.Debug|Any CPU.ActiveCfg = Debug|Any CPU
		{9862694d-e4fa-418b-8692-a0280feddf36}.Debug|Any CPU.Build.0 = Debug|Any CPU
		{155AEF28-C81F-405D-9072-9D52780E3E70}.Debug|Any CPU.Build.0 = Debug|Any CPU
		{9862694d-e4fa-418b-8692-a0280feddf36}.Release|Any CPU.ActiveCfg = Release|Any CPU
		{155AEF28-C81F-405D-9072-9D52780E3E70}.Release|Any CPU.ActiveCfg = Release|Any CPU
		{9862694d-e4fa-418b-8692-a0280feddf36}.Release|Any CPU.Build.0 = Release|Any CPU
		{155AEF28-C81F-405D-9072-9D52780E3E70}.Release|Any CPU.Build.0 = Release|Any CPU
	EndGlobalSection
	GlobalSection(MonoDevelopProperties) = preSolution
		StartupItem = System.Net.Http-net_4_5.csproj
	EndGlobalSection
EndGlobal
