
Microsoft Visual Studio Solution File, Format Version 11.00
# Visual Studio 2010
Project("{FAE04EC0-301F-11D3-BF4B-00C04F79EFBC}") = "Mono.Async.Test", "Mono.Async.Test.csproj", "{03F5F1B0-FB65-471B-AACD-881930E472DB}"
EndProject
Global
	GlobalSection(SolutionConfigurationPlatforms) = preSolution
		Debug|Any CPU = Debug|Any CPU
		Release|Any CPU = Release|Any CPU
	EndGlobalSection
	GlobalSection(ProjectConfigurationPlatforms) = postSolution
		{03F5F1B0-FB65-471B-AACD-881930E472DB}.Debug|Any CPU.ActiveCfg = Debug|Any CPU
		{03F5F1B0-FB65-471B-AACD-881930E472DB}.Debug|Any CPU.Build.0 = Debug|Any CPU
		{03F5F1B0-FB65-471B-AACD-881930E472DB}.Release|Any CPU.ActiveCfg = Release|Any CPU
		{03F5F1B0-FB65-471B-AACD-881930E472DB}.Release|Any CPU.Build.0 = Release|Any CPU
	EndGlobalSection
	GlobalSection(SolutionProperties) = preSolution
		HideSolutionNode = FALSE
	EndGlobalSection
EndGlobal
