Microsoft Visual Studio Solution File, Format Version 9.00
# SharpDevelop 2.0.0.1135
Project("{FAE04EC0-301F-11D3-BF4B-00C04F79EFBC}") = "test1", "test1.csproj", "{E55A8815-8036-4EE0-ADFB-020D5C9C5FA7}"
EndProject
Global
	GlobalSection(SolutionConfigurationPlatforms) = preSolution
		Debug|Any CPU = Debug|Any CPU
		Release|Any CPU = Release|Any CPU
	EndGlobalSection
	GlobalSection(ProjectConfigurationPlatforms) = postSolution
		{E55A8815-8036-4EE0-ADFB-020D5C9C5FA7}.Debug|Any CPU.Build.0 = Debug|Any CPU
		{E55A8815-8036-4EE0-ADFB-020D5C9C5FA7}.Debug|Any CPU.ActiveCfg = Debug|Any CPU
		{E55A8815-8036-4EE0-ADFB-020D5C9C5FA7}.Release|Any CPU.Build.0 = Release|Any CPU
		{E55A8815-8036-4EE0-ADFB-020D5C9C5FA7}.Release|Any CPU.ActiveCfg = Release|Any CPU
	EndGlobalSection
EndGlobal
