
Microsoft Visual Studio Solution File, Format Version 12.00
# Visual Studio 2012
Project("{FAE04EC0-301F-11D3-BF4B-00C04F79EFBC}") = "mono-api-html", "mono-api-html.csproj", "{D25986E2-7A41-4966-A26D-5614BAC7B8A7}"
EndProject
Global
	GlobalSection(SolutionConfigurationPlatforms) = preSolution
		Debug|Any CPU = Debug|Any CPU
		Release|Any CPU = Release|Any CPU
	EndGlobalSection
	GlobalSection(ProjectConfigurationPlatforms) = postSolution
		{D25986E2-7A41-4966-A26D-5614BAC7B8A7}.Debug|Any CPU.ActiveCfg = Debug|Any CPU
		{D25986E2-7A41-4966-A26D-5614BAC7B8A7}.Debug|Any CPU.Build.0 = Debug|Any CPU
		{D25986E2-7A41-4966-A26D-5614BAC7B8A7}.Release|Any CPU.ActiveCfg = Release|Any CPU
		{D25986E2-7A41-4966-A26D-5614BAC7B8A7}.Release|Any CPU.Build.0 = Release|Any CPU
	EndGlobalSection
EndGlobal
