Microsoft Visual Studio Solution File, Format Version 12.00
# Visual Studio Version 16
VisualStudioVersion = 16.0.30104.148
MinimumVisualStudioVersion = 10.0.40219.1
Project("{FAE04EC0-301F-11D3-BF4B-00C04F79EFBC}") = "mono-api-html", "mono-api-html.csproj", "{D25986E2-7A41-4966-A26D-5614BAC7B8A7}"
EndProject
Global
	GlobalSection(SolutionConfigurationPlatforms) = preSolution
		Debug|Any CPU = Debug|Any CPU
		Release|Any CPU = Release|Any CPU
	EndGlobalSection
	GlobalSection(ProjectConfigurationPlatforms) = postSolution
		{D25986E2-7A41-4966-A26D-5614BAC7B8A7}.Debug|Any CPU.ActiveCfg = Debug|monodroid_tools
		{D25986E2-7A41-4966-A26D-5614BAC7B8A7}.Release|Any CPU.ActiveCfg = Release|monodroid_tools
	EndGlobalSection
	GlobalSection(SolutionProperties) = preSolution
		HideSolutionNode = FALSE
	EndGlobalSection
	GlobalSection(ExtensibilityGlobals) = postSolution
		SolutionGuid = {4301960F-2D13-4527-A086-39E77F0B5F4F}
	EndGlobalSection
EndGlobal
