
Microsoft Visual Studio Solution File, Format Version 9.00
# Visual Studio 2005
Project("{FAE04EC0-301F-11D3-BF4B-00C04F79EFBC}") = "WindowsBase", "WindowsBase.csproj", "{F6D9C4EA-ABFE-4596-81A0-89E9D5A2D567}"
EndProject
Global
	GlobalSection(SolutionConfigurationPlatforms) = preSolution
		Debug|Any CPU = Debug|Any CPU
		Release|Any CPU = Release|Any CPU
	EndGlobalSection
	GlobalSection(ProjectConfigurationPlatforms) = postSolution
		{F6D9C4EA-ABFE-4596-81A0-89E9D5A2D567}.Debug|Any CPU.ActiveCfg = Debug|Any CPU
		{F6D9C4EA-ABFE-4596-81A0-89E9D5A2D567}.Debug|Any CPU.Build.0 = Debug|Any CPU
		{F6D9C4EA-ABFE-4596-81A0-89E9D5A2D567}.Release|Any CPU.ActiveCfg = Release|Any CPU
		{F6D9C4EA-ABFE-4596-81A0-89E9D5A2D567}.Release|Any CPU.Build.0 = Release|Any CPU
	EndGlobalSection
	GlobalSection(MonoDevelopProperties) = preSolution
		name = WindowsBase
		StartupItem = WindowsBase.csproj
	EndGlobalSection
EndGlobal
