Microsoft Visual Studio Solution File, Format Version 9.00
# Visual Studio 2005
Project("{FAE04EC0-301F-11D3-BF4B-00C04F79EFBC}") = "SWF2k5", "SWF2k5.csproj", "{5E6430B2-6B9F-4E76-802E-20207EF80391}"
EndProject
Project("{FAE04EC0-301F-11D3-BF4B-00C04F79EFBC}") = "Mono.WebBrowser2K5", "..\Mono.WebBrowser\Mono.WebBrowser2K5.csproj", "{5E6C996A-007F-40CE-B244-006EFCFB77D2}"
EndProject
Global
	GlobalSection(SolutionConfigurationPlatforms) = preSolution
		Debug|Any CPU = Debug|Any CPU
		Debug 1.1|Any CPU = Debug 1.1|Any CPU
		Release|Any CPU = Release|Any CPU
		Release 1.1|Any CPU = Release 1.1|Any CPU
	EndGlobalSection
	GlobalSection(ProjectConfigurationPlatforms) = postSolution
		{5E6430B2-6B9F-4E76-802E-20207EF80391}.Debug|Any CPU.ActiveCfg = Debug|Any CPU
		{5E6430B2-6B9F-4E76-802E-20207EF80391}.Debug|Any CPU.Build.0 = Debug|Any CPU
		{5E6430B2-6B9F-4E76-802E-20207EF80391}.Debug 1.1|Any CPU.ActiveCfg = Debug 1.1|Any CPU
		{5E6430B2-6B9F-4E76-802E-20207EF80391}.Debug 1.1|Any CPU.Build.0 = Debug 1.1|Any CPU
		{5E6430B2-6B9F-4E76-802E-20207EF80391}.Release|Any CPU.ActiveCfg = Release|Any CPU
		{5E6430B2-6B9F-4E76-802E-20207EF80391}.Release|Any CPU.Build.0 = Release|Any CPU
		{5E6430B2-6B9F-4E76-802E-20207EF80391}.Release 1.1|Any CPU.ActiveCfg = Release 1.1|Any CPU
		{5E6430B2-6B9F-4E76-802E-20207EF80391}.Release 1.1|Any CPU.Build.0 = Release 1.1|Any CPU
		{5E6C996A-007F-40CE-B244-006EFCFB77D2}.Debug|Any CPU.ActiveCfg = Debug|Any CPU
		{5E6C996A-007F-40CE-B244-006EFCFB77D2}.Debug|Any CPU.Build.0 = Debug|Any CPU
		{5E6C996A-007F-40CE-B244-006EFCFB77D2}.Debug 1.1|Any CPU.ActiveCfg = Debug 1.1|Any CPU
		{5E6C996A-007F-40CE-B244-006EFCFB77D2}.Debug 1.1|Any CPU.Build.0 = Debug 1.1|Any CPU
		{5E6C996A-007F-40CE-B244-006EFCFB77D2}.Release|Any CPU.ActiveCfg = Release|Any CPU
		{5E6C996A-007F-40CE-B244-006EFCFB77D2}.Release|Any CPU.Build.0 = Release|Any CPU
		{5E6C996A-007F-40CE-B244-006EFCFB77D2}.Release 1.1|Any CPU.ActiveCfg = Release 1.1|Any CPU
		{5E6C996A-007F-40CE-B244-006EFCFB77D2}.Release 1.1|Any CPU.Build.0 = Release 1.1|Any CPU
	EndGlobalSection
	GlobalSection(SolutionProperties) = preSolution
		HideSolutionNode = FALSE
	EndGlobalSection
EndGlobal
