
Microsoft Visual Studio Solution File, Format Version 11.00
# Visual Studio 2010
Project("{FAE04EC0-301F-11D3-BF4B-00C04F79EFBC}") = "System.Windows.Forms-net_2_0", "System.Windows.Forms-net_2_0.csproj", "{155AEF28-C81F-405D-9072-9D52780E3E70}"
EndProject
Global
	GlobalSection(SolutionConfigurationPlatforms) = preSolution
		Debug|Any CPU = Debug|Any CPU
		Release|Any CPU = Release|Any CPU
	EndGlobalSection
	GlobalSection(ProjectConfigurationPlatforms) = postSolution
		{155AEF28-C81F-405D-9072-9D52780E3E70}.Debug|Any CPU.ActiveCfg = Debug|Any CPU
		{155AEF28-C81F-405D-9072-9D52780E3E70}.Debug|Any CPU.Build.0 = Debug|Any CPU
		{155AEF28-C81F-405D-9072-9D52780E3E70}.Release|Any CPU.ActiveCfg = Release|Any CPU
		{155AEF28-C81F-405D-9072-9D52780E3E70}.Release|Any CPU.Build.0 = Release|Any CPU
	EndGlobalSection
	GlobalSection(MonoDevelopProperties) = preSolution
		StartupItem = System.Windows.Forms-net_2_0.csproj
		Policies = $0
		$0.DotNetNamingPolicy = $1
		$1.DirectoryNamespaceAssociation = None
		$1.ResourceNamePolicy = FileFormatDefault
		$0.TextStylePolicy = $2
		$2.inheritsSet = null
		$2.scope = text/x-csharp
		$0.CSharpFormattingPolicy = $3
		$3.NamespaceBraceStyle = EndOfLine
		$3.ClassBraceStyle = EndOfLine
		$3.InterfaceBraceStyle = EndOfLine
		$3.StructBraceStyle = EndOfLine
		$3.EnumBraceStyle = EndOfLine
		$3.inheritsSet = Mono
		$3.inheritsScope = text/x-csharp
		$3.scope = text/x-csharp
		$0.TextStylePolicy = $4
		$4.FileWidth = 120
		$4.inheritsSet = Mono
		$4.inheritsScope = text/plain
		$4.scope = text/plain
	EndGlobalSection
EndGlobal
