
Microsoft Visual Studio Solution File, Format Version 12.00
# Visual Studio 2013
VisualStudioVersion = 12.0.30723.0
MinimumVisualStudioVersion = 10.0.40219.1
Project("{FAE04EC0-301F-11D3-BF4B-00C04F79EFBC}") = "System.Transactions-wp8", "System.Transactions\System.Transactions-wp8.csproj", "{CC69C98C-5F81-4F69-A351-127F6DEDABCD}"
EndProject
Project("{FAE04EC0-301F-11D3-BF4B-00C04F79EFBC}") = "System.Transactions-tests-wp8", "System.Transactions\System.Transactions-tests-wp8.csproj", "{ED2B510E-0E23-4656-9412-9701F16E9AA8}"
EndProject
Project("{FAE04EC0-301F-11D3-BF4B-00C04F79EFBC}") = "System.Transactions-netcore", "System.Transactions\System.Transactions-netcore.csproj", "{8FFA3ECC-CA3E-4A87-9B27-8F9CF5644E96}"
EndProject
Project("{FAE04EC0-301F-11D3-BF4B-00C04F79EFBC}") = "System.Transactions-tests-netcore", "System.Transactions\System.Transactions-tests-netcore.csproj", "{8DD63205-BF64-40B8-B74C-9B353B09DBD3}"
EndProject
Project("{2150E333-8FDC-42A3-9474-1A3956D46DE8}") = "System.Transactions", "System.Transactions", "{3107846E-1842-4E8F-907C-78EB267C5C6A}"
EndProject
Project("{2150E333-8FDC-42A3-9474-1A3956D46DE8}") = "System.Data", "System.Data", "{250BEC5F-67C9-4DA9-AF5D-68D214FB34F9}"
EndProject
Project("{FAE04EC0-301F-11D3-BF4B-00C04F79EFBC}") = "System.Data-wp8", "System.Data\System.Data-wp8.csproj", "{16DEF58E-A6D1-406F-A696-108DCBB66A90}"
EndProject
Project("{2150E333-8FDC-42A3-9474-1A3956D46DE8}") = "Tests", "Tests", "{A07AEE38-C271-4558-8380-23FF68B32A63}"
EndProject
Project("{2150E333-8FDC-42A3-9474-1A3956D46DE8}") = "Tests", "Tests", "{41D71D41-57CB-4B08-8A36-5675C53CB255}"
EndProject
Project("{2150E333-8FDC-42A3-9474-1A3956D46DE8}") = "Mono.Data.Sqlite", "Mono.Data.Sqlite", "{A3230C59-0B01-4F2F-8C40-BB6C8A7EFDCC}"
EndProject
Project("{FAE04EC0-301F-11D3-BF4B-00C04F79EFBC}") = "Mono.Data.Sqlite-wp8", "Mono.Data.Sqlite\Mono.Data.Sqlite-wp8.csproj", "{8060BB3E-DB32-4169-8FC6-29981AE6A523}"
EndProject
Project("{2150E333-8FDC-42A3-9474-1A3956D46DE8}") = "Tests", "Tests", "{3E556124-9BDB-49D1-A326-418D31AC410A}"
EndProject
Project("{FAE04EC0-301F-11D3-BF4B-00C04F79EFBC}") = "Mono.Data.Sqlite-tests-wp8", "Mono.Data.Sqlite\Mono.Data.Sqlite-tests-wp8.csproj", "{44FDC7EE-4F5E-4158-8599-E71B1EBC438B}"
EndProject
Project("{8BC9CEB8-8B4A-11D0-8D11-00A0C91BC942}") = "Mono.Data.Sqlite.DllImport", "Mono.Data.Sqlite\MonoDataSqliteDllImport.vcxproj", "{AA1D1837-2F63-4F2C-A271-58FBC988F3DD}"
EndProject
Project("{FAE04EC0-301F-11D3-BF4B-00C04F79EFBC}") = "System.Data-netcore", "System.Data\System.Data-netcore.csproj", "{63A6FFFD-385E-4534-9698-949C08C3B65F}"
EndProject
Project("{FAE04EC0-301F-11D3-BF4B-00C04F79EFBC}") = "System.Data-tests-netcore", "System.Data\System.Data-tests-netcore.csproj", "{F00D123A-7119-4651-AAF6-32DF7021EA0B}"
EndProject
Project("{FAE04EC0-301F-11D3-BF4B-00C04F79EFBC}") = "System.Data-tests-wp8", "System.Data\System.Data-tests-wp8.csproj", "{6E9B8FAA-15C7-4C5F-88C2-0FED254E1D8A}"
EndProject
Project("{FAE04EC0-301F-11D3-BF4B-00C04F79EFBC}") = "Mono.Data.Sqlite-netcore", "Mono.Data.Sqlite\Mono.Data.Sqlite-netcore.csproj", "{F6C8ACA6-8C33-4261-9BC2-C68E07BB1BCF}"
EndProject
Project("{FAE04EC0-301F-11D3-BF4B-00C04F79EFBC}") = "Mono.Data.Sqlite-tests-netcore", "Mono.Data.Sqlite\Mono.Data.Sqlite-tests-netcore.csproj", "{1915B7FB-1600-4192-B8A9-C61D667B6052}"
EndProject
Project("{FAE04EC0-301F-11D3-BF4B-00C04F79EFBC}") = "System.Transactions-store", "System.Transactions\System.Transactions-store.csproj", "{5524E9C7-4E61-4C8F-8820-B54B1B3B4997}"
EndProject
Project("{FAE04EC0-301F-11D3-BF4B-00C04F79EFBC}") = "System.Data-store", "System.Data\System.Data-store.csproj", "{D6646D39-F972-423D-B0E4-ECE1149C1A95}"
EndProject
Project("{FAE04EC0-301F-11D3-BF4B-00C04F79EFBC}") = "Mono.Data.Sqlite-store", "Mono.Data.Sqlite\Mono.Data.Sqlite-store.csproj", "{B85AF7E9-EFF6-4AF4-9A15-B853D7EBE832}"
EndProject
Global
	GlobalSection(SolutionConfigurationPlatforms) = preSolution
		Debug|Any CPU = Debug|Any CPU
		Debug|ARM = Debug|ARM
		Debug|x86 = Debug|x86
		Release|Any CPU = Release|Any CPU
		Release|ARM = Release|ARM
		Release|x86 = Release|x86
	EndGlobalSection
	GlobalSection(ProjectConfigurationPlatforms) = postSolution
		{CC69C98C-5F81-4F69-A351-127F6DEDABCD}.Debug|Any CPU.ActiveCfg = Debug|Any CPU
		{CC69C98C-5F81-4F69-A351-127F6DEDABCD}.Debug|Any CPU.Build.0 = Debug|Any CPU
		{CC69C98C-5F81-4F69-A351-127F6DEDABCD}.Debug|ARM.ActiveCfg = Debug|Any CPU
		{CC69C98C-5F81-4F69-A351-127F6DEDABCD}.Debug|ARM.Build.0 = Debug|Any CPU
		{CC69C98C-5F81-4F69-A351-127F6DEDABCD}.Debug|x86.ActiveCfg = Debug|Any CPU
		{CC69C98C-5F81-4F69-A351-127F6DEDABCD}.Debug|x86.Build.0 = Debug|Any CPU
		{CC69C98C-5F81-4F69-A351-127F6DEDABCD}.Release|Any CPU.ActiveCfg = Release|Any CPU
		{CC69C98C-5F81-4F69-A351-127F6DEDABCD}.Release|Any CPU.Build.0 = Release|Any CPU
		{CC69C98C-5F81-4F69-A351-127F6DEDABCD}.Release|ARM.ActiveCfg = Release|Any CPU
		{CC69C98C-5F81-4F69-A351-127F6DEDABCD}.Release|ARM.Build.0 = Release|Any CPU
		{CC69C98C-5F81-4F69-A351-127F6DEDABCD}.Release|x86.ActiveCfg = Release|Any CPU
		{CC69C98C-5F81-4F69-A351-127F6DEDABCD}.Release|x86.Build.0 = Release|Any CPU
		{ED2B510E-0E23-4656-9412-9701F16E9AA8}.Debug|Any CPU.ActiveCfg = Debug|Any CPU
		{ED2B510E-0E23-4656-9412-9701F16E9AA8}.Debug|Any CPU.Build.0 = Debug|Any CPU
		{ED2B510E-0E23-4656-9412-9701F16E9AA8}.Debug|Any CPU.Deploy.0 = Debug|Any CPU
		{ED2B510E-0E23-4656-9412-9701F16E9AA8}.Debug|ARM.ActiveCfg = Debug|ARM
		{ED2B510E-0E23-4656-9412-9701F16E9AA8}.Debug|ARM.Build.0 = Debug|ARM
		{ED2B510E-0E23-4656-9412-9701F16E9AA8}.Debug|ARM.Deploy.0 = Debug|ARM
		{ED2B510E-0E23-4656-9412-9701F16E9AA8}.Debug|x86.ActiveCfg = Debug|x86
		{ED2B510E-0E23-4656-9412-9701F16E9AA8}.Debug|x86.Build.0 = Debug|x86
		{ED2B510E-0E23-4656-9412-9701F16E9AA8}.Debug|x86.Deploy.0 = Debug|x86
		{ED2B510E-0E23-4656-9412-9701F16E9AA8}.Release|Any CPU.ActiveCfg = Release|Any CPU
		{ED2B510E-0E23-4656-9412-9701F16E9AA8}.Release|Any CPU.Build.0 = Release|Any CPU
		{ED2B510E-0E23-4656-9412-9701F16E9AA8}.Release|Any CPU.Deploy.0 = Release|Any CPU
		{ED2B510E-0E23-4656-9412-9701F16E9AA8}.Release|ARM.ActiveCfg = Release|ARM
		{ED2B510E-0E23-4656-9412-9701F16E9AA8}.Release|ARM.Build.0 = Release|ARM
		{ED2B510E-0E23-4656-9412-9701F16E9AA8}.Release|ARM.Deploy.0 = Release|ARM
		{ED2B510E-0E23-4656-9412-9701F16E9AA8}.Release|x86.ActiveCfg = Release|x86
		{ED2B510E-0E23-4656-9412-9701F16E9AA8}.Release|x86.Build.0 = Release|x86
		{ED2B510E-0E23-4656-9412-9701F16E9AA8}.Release|x86.Deploy.0 = Release|x86
		{8FFA3ECC-CA3E-4A87-9B27-8F9CF5644E96}.Debug|Any CPU.ActiveCfg = Debug|Any CPU
		{8FFA3ECC-CA3E-4A87-9B27-8F9CF5644E96}.Debug|Any CPU.Build.0 = Debug|Any CPU
		{8FFA3ECC-CA3E-4A87-9B27-8F9CF5644E96}.Debug|ARM.ActiveCfg = Debug|Any CPU
		{8FFA3ECC-CA3E-4A87-9B27-8F9CF5644E96}.Debug|ARM.Build.0 = Debug|Any CPU
		{8FFA3ECC-CA3E-4A87-9B27-8F9CF5644E96}.Debug|x86.ActiveCfg = Debug|Any CPU
		{8FFA3ECC-CA3E-4A87-9B27-8F9CF5644E96}.Debug|x86.Build.0 = Debug|Any CPU
		{8FFA3ECC-CA3E-4A87-9B27-8F9CF5644E96}.Release|Any CPU.ActiveCfg = Release|Any CPU
		{8FFA3ECC-CA3E-4A87-9B27-8F9CF5644E96}.Release|Any CPU.Build.0 = Release|Any CPU
		{8FFA3ECC-CA3E-4A87-9B27-8F9CF5644E96}.Release|ARM.ActiveCfg = Release|Any CPU
		{8FFA3ECC-CA3E-4A87-9B27-8F9CF5644E96}.Release|ARM.Build.0 = Release|Any CPU
		{8FFA3ECC-CA3E-4A87-9B27-8F9CF5644E96}.Release|x86.ActiveCfg = Release|Any CPU
		{8FFA3ECC-CA3E-4A87-9B27-8F9CF5644E96}.Release|x86.Build.0 = Release|Any CPU
		{8DD63205-BF64-40B8-B74C-9B353B09DBD3}.Debug|Any CPU.ActiveCfg = Debug|Any CPU
		{8DD63205-BF64-40B8-B74C-9B353B09DBD3}.Debug|Any CPU.Build.0 = Debug|Any CPU
		{8DD63205-BF64-40B8-B74C-9B353B09DBD3}.Debug|Any CPU.Deploy.0 = Debug|Any CPU
		{8DD63205-BF64-40B8-B74C-9B353B09DBD3}.Debug|ARM.ActiveCfg = Debug|ARM
		{8DD63205-BF64-40B8-B74C-9B353B09DBD3}.Debug|ARM.Build.0 = Debug|ARM
		{8DD63205-BF64-40B8-B74C-9B353B09DBD3}.Debug|ARM.Deploy.0 = Debug|ARM
		{8DD63205-BF64-40B8-B74C-9B353B09DBD3}.Debug|x86.ActiveCfg = Debug|x86
		{8DD63205-BF64-40B8-B74C-9B353B09DBD3}.Debug|x86.Build.0 = Debug|x86
		{8DD63205-BF64-40B8-B74C-9B353B09DBD3}.Debug|x86.Deploy.0 = Debug|x86
		{8DD63205-BF64-40B8-B74C-9B353B09DBD3}.Release|Any CPU.ActiveCfg = Release|Any CPU
		{8DD63205-BF64-40B8-B74C-9B353B09DBD3}.Release|Any CPU.Build.0 = Release|Any CPU
		{8DD63205-BF64-40B8-B74C-9B353B09DBD3}.Release|Any CPU.Deploy.0 = Release|Any CPU
		{8DD63205-BF64-40B8-B74C-9B353B09DBD3}.Release|ARM.ActiveCfg = Release|ARM
		{8DD63205-BF64-40B8-B74C-9B353B09DBD3}.Release|ARM.Build.0 = Release|ARM
		{8DD63205-BF64-40B8-B74C-9B353B09DBD3}.Release|ARM.Deploy.0 = Release|ARM
		{8DD63205-BF64-40B8-B74C-9B353B09DBD3}.Release|x86.ActiveCfg = Release|x86
		{8DD63205-BF64-40B8-B74C-9B353B09DBD3}.Release|x86.Build.0 = Release|x86
		{8DD63205-BF64-40B8-B74C-9B353B09DBD3}.Release|x86.Deploy.0 = Release|x86
		{16DEF58E-A6D1-406F-A696-108DCBB66A90}.Debug|Any CPU.ActiveCfg = Debug|Any CPU
		{16DEF58E-A6D1-406F-A696-108DCBB66A90}.Debug|Any CPU.Build.0 = Debug|Any CPU
		{16DEF58E-A6D1-406F-A696-108DCBB66A90}.Debug|ARM.ActiveCfg = Debug|Any CPU
		{16DEF58E-A6D1-406F-A696-108DCBB66A90}.Debug|ARM.Build.0 = Debug|Any CPU
		{16DEF58E-A6D1-406F-A696-108DCBB66A90}.Debug|x86.ActiveCfg = Debug|Any CPU
		{16DEF58E-A6D1-406F-A696-108DCBB66A90}.Debug|x86.Build.0 = Debug|Any CPU
		{16DEF58E-A6D1-406F-A696-108DCBB66A90}.Release|Any CPU.ActiveCfg = Release|Any CPU
		{16DEF58E-A6D1-406F-A696-108DCBB66A90}.Release|Any CPU.Build.0 = Release|Any CPU
		{16DEF58E-A6D1-406F-A696-108DCBB66A90}.Release|ARM.ActiveCfg = Release|Any CPU
		{16DEF58E-A6D1-406F-A696-108DCBB66A90}.Release|ARM.Build.0 = Release|Any CPU
		{16DEF58E-A6D1-406F-A696-108DCBB66A90}.Release|x86.ActiveCfg = Release|Any CPU
		{16DEF58E-A6D1-406F-A696-108DCBB66A90}.Release|x86.Build.0 = Release|Any CPU
		{8060BB3E-DB32-4169-8FC6-29981AE6A523}.Debug|Any CPU.ActiveCfg = Debug|ARM
		{8060BB3E-DB32-4169-8FC6-29981AE6A523}.Debug|Any CPU.Build.0 = Debug|ARM
		{8060BB3E-DB32-4169-8FC6-29981AE6A523}.Debug|ARM.ActiveCfg = Debug|ARM
		{8060BB3E-DB32-4169-8FC6-29981AE6A523}.Debug|ARM.Build.0 = Debug|ARM
		{8060BB3E-DB32-4169-8FC6-29981AE6A523}.Debug|x86.ActiveCfg = Debug|x86
		{8060BB3E-DB32-4169-8FC6-29981AE6A523}.Debug|x86.Build.0 = Debug|x86
		{8060BB3E-DB32-4169-8FC6-29981AE6A523}.Release|Any CPU.ActiveCfg = Release|ARM
		{8060BB3E-DB32-4169-8FC6-29981AE6A523}.Release|Any CPU.Build.0 = Release|ARM
		{8060BB3E-DB32-4169-8FC6-29981AE6A523}.Release|ARM.ActiveCfg = Release|ARM
		{8060BB3E-DB32-4169-8FC6-29981AE6A523}.Release|ARM.Build.0 = Release|ARM
		{8060BB3E-DB32-4169-8FC6-29981AE6A523}.Release|x86.ActiveCfg = Release|x86
		{8060BB3E-DB32-4169-8FC6-29981AE6A523}.Release|x86.Build.0 = Release|x86
		{44FDC7EE-4F5E-4158-8599-E71B1EBC438B}.Debug|Any CPU.ActiveCfg = Debug|ARM
		{44FDC7EE-4F5E-4158-8599-E71B1EBC438B}.Debug|Any CPU.Build.0 = Debug|ARM
		{44FDC7EE-4F5E-4158-8599-E71B1EBC438B}.Debug|Any CPU.Deploy.0 = Debug|ARM
		{44FDC7EE-4F5E-4158-8599-E71B1EBC438B}.Debug|ARM.ActiveCfg = Debug|ARM
		{44FDC7EE-4F5E-4158-8599-E71B1EBC438B}.Debug|ARM.Build.0 = Debug|ARM
		{44FDC7EE-4F5E-4158-8599-E71B1EBC438B}.Debug|ARM.Deploy.0 = Debug|ARM
		{44FDC7EE-4F5E-4158-8599-E71B1EBC438B}.Debug|x86.ActiveCfg = Debug|x86
		{44FDC7EE-4F5E-4158-8599-E71B1EBC438B}.Debug|x86.Build.0 = Debug|x86
		{44FDC7EE-4F5E-4158-8599-E71B1EBC438B}.Debug|x86.Deploy.0 = Debug|x86
		{44FDC7EE-4F5E-4158-8599-E71B1EBC438B}.Release|Any CPU.ActiveCfg = Release|ARM
		{44FDC7EE-4F5E-4158-8599-E71B1EBC438B}.Release|Any CPU.Build.0 = Release|ARM
		{44FDC7EE-4F5E-4158-8599-E71B1EBC438B}.Release|Any CPU.Deploy.0 = Release|ARM
		{44FDC7EE-4F5E-4158-8599-E71B1EBC438B}.Release|ARM.ActiveCfg = Release|ARM
		{44FDC7EE-4F5E-4158-8599-E71B1EBC438B}.Release|ARM.Build.0 = Release|ARM
		{44FDC7EE-4F5E-4158-8599-E71B1EBC438B}.Release|ARM.Deploy.0 = Release|ARM
		{44FDC7EE-4F5E-4158-8599-E71B1EBC438B}.Release|x86.ActiveCfg = Release|x86
		{44FDC7EE-4F5E-4158-8599-E71B1EBC438B}.Release|x86.Build.0 = Release|x86
		{44FDC7EE-4F5E-4158-8599-E71B1EBC438B}.Release|x86.Deploy.0 = Release|x86
		{AA1D1837-2F63-4F2C-A271-58FBC988F3DD}.Debug|Any CPU.ActiveCfg = Debug|ARM
		{AA1D1837-2F63-4F2C-A271-58FBC988F3DD}.Debug|Any CPU.Build.0 = Debug|ARM
		{AA1D1837-2F63-4F2C-A271-58FBC988F3DD}.Debug|ARM.ActiveCfg = Debug|ARM
		{AA1D1837-2F63-4F2C-A271-58FBC988F3DD}.Debug|ARM.Build.0 = Debug|ARM
		{AA1D1837-2F63-4F2C-A271-58FBC988F3DD}.Debug|x86.ActiveCfg = Debug|Win32
		{AA1D1837-2F63-4F2C-A271-58FBC988F3DD}.Debug|x86.Build.0 = Debug|Win32
		{AA1D1837-2F63-4F2C-A271-58FBC988F3DD}.Release|Any CPU.ActiveCfg = Release|ARM
		{AA1D1837-2F63-4F2C-A271-58FBC988F3DD}.Release|Any CPU.Build.0 = Release|ARM
		{AA1D1837-2F63-4F2C-A271-58FBC988F3DD}.Release|ARM.ActiveCfg = Release|ARM
		{AA1D1837-2F63-4F2C-A271-58FBC988F3DD}.Release|ARM.Build.0 = Release|ARM
		{AA1D1837-2F63-4F2C-A271-58FBC988F3DD}.Release|x86.ActiveCfg = Release|Win32
		{AA1D1837-2F63-4F2C-A271-58FBC988F3DD}.Release|x86.Build.0 = Release|Win32
		{63A6FFFD-385E-4534-9698-949C08C3B65F}.Debug|Any CPU.ActiveCfg = Debug|Any CPU
		{63A6FFFD-385E-4534-9698-949C08C3B65F}.Debug|Any CPU.Build.0 = Debug|Any CPU
		{63A6FFFD-385E-4534-9698-949C08C3B65F}.Debug|ARM.ActiveCfg = Debug|Any CPU
		{63A6FFFD-385E-4534-9698-949C08C3B65F}.Debug|ARM.Build.0 = Debug|Any CPU
		{63A6FFFD-385E-4534-9698-949C08C3B65F}.Debug|x86.ActiveCfg = Debug|Any CPU
		{63A6FFFD-385E-4534-9698-949C08C3B65F}.Debug|x86.Build.0 = Debug|Any CPU
		{63A6FFFD-385E-4534-9698-949C08C3B65F}.Release|Any CPU.ActiveCfg = Release|Any CPU
		{63A6FFFD-385E-4534-9698-949C08C3B65F}.Release|Any CPU.Build.0 = Release|Any CPU
		{63A6FFFD-385E-4534-9698-949C08C3B65F}.Release|ARM.ActiveCfg = Release|Any CPU
		{63A6FFFD-385E-4534-9698-949C08C3B65F}.Release|ARM.Build.0 = Release|Any CPU
		{63A6FFFD-385E-4534-9698-949C08C3B65F}.Release|x86.ActiveCfg = Release|Any CPU
		{63A6FFFD-385E-4534-9698-949C08C3B65F}.Release|x86.Build.0 = Release|Any CPU
		{F00D123A-7119-4651-AAF6-32DF7021EA0B}.Debug|Any CPU.ActiveCfg = Debug|Any CPU
		{F00D123A-7119-4651-AAF6-32DF7021EA0B}.Debug|Any CPU.Build.0 = Debug|Any CPU
		{F00D123A-7119-4651-AAF6-32DF7021EA0B}.Debug|Any CPU.Deploy.0 = Debug|Any CPU
		{F00D123A-7119-4651-AAF6-32DF7021EA0B}.Debug|ARM.ActiveCfg = Debug|ARM
		{F00D123A-7119-4651-AAF6-32DF7021EA0B}.Debug|ARM.Build.0 = Debug|ARM
		{F00D123A-7119-4651-AAF6-32DF7021EA0B}.Debug|ARM.Deploy.0 = Debug|ARM
		{F00D123A-7119-4651-AAF6-32DF7021EA0B}.Debug|x86.ActiveCfg = Debug|x86
		{F00D123A-7119-4651-AAF6-32DF7021EA0B}.Debug|x86.Build.0 = Debug|x86
		{F00D123A-7119-4651-AAF6-32DF7021EA0B}.Debug|x86.Deploy.0 = Debug|x86
		{F00D123A-7119-4651-AAF6-32DF7021EA0B}.Release|Any CPU.ActiveCfg = Release|Any CPU
		{F00D123A-7119-4651-AAF6-32DF7021EA0B}.Release|Any CPU.Build.0 = Release|Any CPU
		{F00D123A-7119-4651-AAF6-32DF7021EA0B}.Release|Any CPU.Deploy.0 = Release|Any CPU
		{F00D123A-7119-4651-AAF6-32DF7021EA0B}.Release|ARM.ActiveCfg = Release|ARM
		{F00D123A-7119-4651-AAF6-32DF7021EA0B}.Release|ARM.Build.0 = Release|ARM
		{F00D123A-7119-4651-AAF6-32DF7021EA0B}.Release|ARM.Deploy.0 = Release|ARM
		{F00D123A-7119-4651-AAF6-32DF7021EA0B}.Release|x86.ActiveCfg = Release|x86
		{F00D123A-7119-4651-AAF6-32DF7021EA0B}.Release|x86.Build.0 = Release|x86
		{F00D123A-7119-4651-AAF6-32DF7021EA0B}.Release|x86.Deploy.0 = Release|x86
		{6E9B8FAA-15C7-4C5F-88C2-0FED254E1D8A}.Debug|Any CPU.ActiveCfg = Debug|Any CPU
		{6E9B8FAA-15C7-4C5F-88C2-0FED254E1D8A}.Debug|Any CPU.Build.0 = Debug|Any CPU
		{6E9B8FAA-15C7-4C5F-88C2-0FED254E1D8A}.Debug|Any CPU.Deploy.0 = Debug|Any CPU
		{6E9B8FAA-15C7-4C5F-88C2-0FED254E1D8A}.Debug|ARM.ActiveCfg = Debug|ARM
		{6E9B8FAA-15C7-4C5F-88C2-0FED254E1D8A}.Debug|ARM.Build.0 = Debug|ARM
		{6E9B8FAA-15C7-4C5F-88C2-0FED254E1D8A}.Debug|ARM.Deploy.0 = Debug|ARM
		{6E9B8FAA-15C7-4C5F-88C2-0FED254E1D8A}.Debug|x86.ActiveCfg = Debug|x86
		{6E9B8FAA-15C7-4C5F-88C2-0FED254E1D8A}.Debug|x86.Build.0 = Debug|x86
		{6E9B8FAA-15C7-4C5F-88C2-0FED254E1D8A}.Debug|x86.Deploy.0 = Debug|x86
		{6E9B8FAA-15C7-4C5F-88C2-0FED254E1D8A}.Release|Any CPU.ActiveCfg = Release|Any CPU
		{6E9B8FAA-15C7-4C5F-88C2-0FED254E1D8A}.Release|Any CPU.Build.0 = Release|Any CPU
		{6E9B8FAA-15C7-4C5F-88C2-0FED254E1D8A}.Release|Any CPU.Deploy.0 = Release|Any CPU
		{6E9B8FAA-15C7-4C5F-88C2-0FED254E1D8A}.Release|ARM.ActiveCfg = Release|ARM
		{6E9B8FAA-15C7-4C5F-88C2-0FED254E1D8A}.Release|ARM.Build.0 = Release|ARM
		{6E9B8FAA-15C7-4C5F-88C2-0FED254E1D8A}.Release|ARM.Deploy.0 = Release|ARM
		{6E9B8FAA-15C7-4C5F-88C2-0FED254E1D8A}.Release|x86.ActiveCfg = Release|x86
		{6E9B8FAA-15C7-4C5F-88C2-0FED254E1D8A}.Release|x86.Build.0 = Release|x86
		{6E9B8FAA-15C7-4C5F-88C2-0FED254E1D8A}.Release|x86.Deploy.0 = Release|x86
		{F6C8ACA6-8C33-4261-9BC2-C68E07BB1BCF}.Debug|Any CPU.ActiveCfg = Debug|x86
		{F6C8ACA6-8C33-4261-9BC2-C68E07BB1BCF}.Debug|Any CPU.Build.0 = Debug|x86
		{F6C8ACA6-8C33-4261-9BC2-C68E07BB1BCF}.Debug|ARM.ActiveCfg = Debug|ARM
		{F6C8ACA6-8C33-4261-9BC2-C68E07BB1BCF}.Debug|ARM.Build.0 = Debug|ARM
		{F6C8ACA6-8C33-4261-9BC2-C68E07BB1BCF}.Debug|x86.ActiveCfg = Debug|x86
		{F6C8ACA6-8C33-4261-9BC2-C68E07BB1BCF}.Debug|x86.Build.0 = Debug|x86
		{F6C8ACA6-8C33-4261-9BC2-C68E07BB1BCF}.Release|Any CPU.ActiveCfg = Release|x86
		{F6C8ACA6-8C33-4261-9BC2-C68E07BB1BCF}.Release|Any CPU.Build.0 = Release|x86
		{F6C8ACA6-8C33-4261-9BC2-C68E07BB1BCF}.Release|ARM.ActiveCfg = Release|ARM
		{F6C8ACA6-8C33-4261-9BC2-C68E07BB1BCF}.Release|ARM.Build.0 = Release|ARM
		{F6C8ACA6-8C33-4261-9BC2-C68E07BB1BCF}.Release|x86.ActiveCfg = Release|x86
		{F6C8ACA6-8C33-4261-9BC2-C68E07BB1BCF}.Release|x86.Build.0 = Release|x86
		{1915B7FB-1600-4192-B8A9-C61D667B6052}.Debug|Any CPU.ActiveCfg = Debug|x86
		{1915B7FB-1600-4192-B8A9-C61D667B6052}.Debug|Any CPU.Build.0 = Debug|x86
		{1915B7FB-1600-4192-B8A9-C61D667B6052}.Debug|Any CPU.Deploy.0 = Debug|x86
		{1915B7FB-1600-4192-B8A9-C61D667B6052}.Debug|ARM.ActiveCfg = Debug|ARM
		{1915B7FB-1600-4192-B8A9-C61D667B6052}.Debug|ARM.Build.0 = Debug|ARM
		{1915B7FB-1600-4192-B8A9-C61D667B6052}.Debug|ARM.Deploy.0 = Debug|ARM
		{1915B7FB-1600-4192-B8A9-C61D667B6052}.Debug|x86.ActiveCfg = Debug|x86
		{1915B7FB-1600-4192-B8A9-C61D667B6052}.Debug|x86.Build.0 = Debug|x86
		{1915B7FB-1600-4192-B8A9-C61D667B6052}.Debug|x86.Deploy.0 = Debug|x86
		{1915B7FB-1600-4192-B8A9-C61D667B6052}.Release|Any CPU.ActiveCfg = Release|x86
		{1915B7FB-1600-4192-B8A9-C61D667B6052}.Release|Any CPU.Build.0 = Release|x86
		{1915B7FB-1600-4192-B8A9-C61D667B6052}.Release|Any CPU.Deploy.0 = Release|x86
		{1915B7FB-1600-4192-B8A9-C61D667B6052}.Release|ARM.ActiveCfg = Release|ARM
		{1915B7FB-1600-4192-B8A9-C61D667B6052}.Release|ARM.Build.0 = Release|ARM
		{1915B7FB-1600-4192-B8A9-C61D667B6052}.Release|ARM.Deploy.0 = Release|ARM
		{1915B7FB-1600-4192-B8A9-C61D667B6052}.Release|x86.ActiveCfg = Release|x86
		{1915B7FB-1600-4192-B8A9-C61D667B6052}.Release|x86.Build.0 = Release|x86
		{1915B7FB-1600-4192-B8A9-C61D667B6052}.Release|x86.Deploy.0 = Release|x86
		{5524E9C7-4E61-4C8F-8820-B54B1B3B4997}.Debug|Any CPU.ActiveCfg = Debug|Any CPU
		{5524E9C7-4E61-4C8F-8820-B54B1B3B4997}.Debug|Any CPU.Build.0 = Debug|Any CPU
		{5524E9C7-4E61-4C8F-8820-B54B1B3B4997}.Debug|ARM.ActiveCfg = Debug|Any CPU
		{5524E9C7-4E61-4C8F-8820-B54B1B3B4997}.Debug|ARM.Build.0 = Debug|Any CPU
		{5524E9C7-4E61-4C8F-8820-B54B1B3B4997}.Debug|x86.ActiveCfg = Debug|Any CPU
		{5524E9C7-4E61-4C8F-8820-B54B1B3B4997}.Debug|x86.Build.0 = Debug|Any CPU
		{5524E9C7-4E61-4C8F-8820-B54B1B3B4997}.Release|Any CPU.ActiveCfg = Release|Any CPU
		{5524E9C7-4E61-4C8F-8820-B54B1B3B4997}.Release|Any CPU.Build.0 = Release|Any CPU
		{5524E9C7-4E61-4C8F-8820-B54B1B3B4997}.Release|ARM.ActiveCfg = Release|Any CPU
		{5524E9C7-4E61-4C8F-8820-B54B1B3B4997}.Release|ARM.Build.0 = Release|Any CPU
		{5524E9C7-4E61-4C8F-8820-B54B1B3B4997}.Release|x86.ActiveCfg = Release|Any CPU
		{5524E9C7-4E61-4C8F-8820-B54B1B3B4997}.Release|x86.Build.0 = Release|Any CPU
		{D6646D39-F972-423D-B0E4-ECE1149C1A95}.Debug|Any CPU.ActiveCfg = Debug|Any CPU
		{D6646D39-F972-423D-B0E4-ECE1149C1A95}.Debug|Any CPU.Build.0 = Debug|Any CPU
		{D6646D39-F972-423D-B0E4-ECE1149C1A95}.Debug|ARM.ActiveCfg = Debug|Any CPU
		{D6646D39-F972-423D-B0E4-ECE1149C1A95}.Debug|ARM.Build.0 = Debug|Any CPU
		{D6646D39-F972-423D-B0E4-ECE1149C1A95}.Debug|x86.ActiveCfg = Debug|Any CPU
		{D6646D39-F972-423D-B0E4-ECE1149C1A95}.Debug|x86.Build.0 = Debug|Any CPU
		{D6646D39-F972-423D-B0E4-ECE1149C1A95}.Release|Any CPU.ActiveCfg = Release|Any CPU
		{D6646D39-F972-423D-B0E4-ECE1149C1A95}.Release|Any CPU.Build.0 = Release|Any CPU
		{D6646D39-F972-423D-B0E4-ECE1149C1A95}.Release|ARM.ActiveCfg = Release|Any CPU
		{D6646D39-F972-423D-B0E4-ECE1149C1A95}.Release|ARM.Build.0 = Release|Any CPU
		{D6646D39-F972-423D-B0E4-ECE1149C1A95}.Release|x86.ActiveCfg = Release|Any CPU
		{D6646D39-F972-423D-B0E4-ECE1149C1A95}.Release|x86.Build.0 = Release|Any CPU
		{B85AF7E9-EFF6-4AF4-9A15-B853D7EBE832}.Debug|Any CPU.ActiveCfg = Debug|x86
		{B85AF7E9-EFF6-4AF4-9A15-B853D7EBE832}.Debug|Any CPU.Build.0 = Debug|x86
		{B85AF7E9-EFF6-4AF4-9A15-B853D7EBE832}.Debug|ARM.ActiveCfg = Debug|ARM
		{B85AF7E9-EFF6-4AF4-9A15-B853D7EBE832}.Debug|ARM.Build.0 = Debug|ARM
		{B85AF7E9-EFF6-4AF4-9A15-B853D7EBE832}.Debug|x86.ActiveCfg = Debug|x86
		{B85AF7E9-EFF6-4AF4-9A15-B853D7EBE832}.Debug|x86.Build.0 = Debug|x86
		{B85AF7E9-EFF6-4AF4-9A15-B853D7EBE832}.Release|Any CPU.ActiveCfg = Release|x86
		{B85AF7E9-EFF6-4AF4-9A15-B853D7EBE832}.Release|Any CPU.Build.0 = Release|x86
		{B85AF7E9-EFF6-4AF4-9A15-B853D7EBE832}.Release|ARM.ActiveCfg = Release|ARM
		{B85AF7E9-EFF6-4AF4-9A15-B853D7EBE832}.Release|ARM.Build.0 = Release|ARM
		{B85AF7E9-EFF6-4AF4-9A15-B853D7EBE832}.Release|x86.ActiveCfg = Release|x86
		{B85AF7E9-EFF6-4AF4-9A15-B853D7EBE832}.Release|x86.Build.0 = Release|x86
	EndGlobalSection
	GlobalSection(SolutionProperties) = preSolution
		HideSolutionNode = FALSE
	EndGlobalSection
	GlobalSection(NestedProjects) = preSolution
		{CC69C98C-5F81-4F69-A351-127F6DEDABCD} = {3107846E-1842-4E8F-907C-78EB267C5C6A}
		{ED2B510E-0E23-4656-9412-9701F16E9AA8} = {A07AEE38-C271-4558-8380-23FF68B32A63}
		{8FFA3ECC-CA3E-4A87-9B27-8F9CF5644E96} = {3107846E-1842-4E8F-907C-78EB267C5C6A}
		{8DD63205-BF64-40B8-B74C-9B353B09DBD3} = {A07AEE38-C271-4558-8380-23FF68B32A63}
		{16DEF58E-A6D1-406F-A696-108DCBB66A90} = {250BEC5F-67C9-4DA9-AF5D-68D214FB34F9}
		{A07AEE38-C271-4558-8380-23FF68B32A63} = {3107846E-1842-4E8F-907C-78EB267C5C6A}
		{41D71D41-57CB-4B08-8A36-5675C53CB255} = {250BEC5F-67C9-4DA9-AF5D-68D214FB34F9}
		{8060BB3E-DB32-4169-8FC6-29981AE6A523} = {A3230C59-0B01-4F2F-8C40-BB6C8A7EFDCC}
		{3E556124-9BDB-49D1-A326-418D31AC410A} = {A3230C59-0B01-4F2F-8C40-BB6C8A7EFDCC}
		{44FDC7EE-4F5E-4158-8599-E71B1EBC438B} = {3E556124-9BDB-49D1-A326-418D31AC410A}
		{AA1D1837-2F63-4F2C-A271-58FBC988F3DD} = {A3230C59-0B01-4F2F-8C40-BB6C8A7EFDCC}
		{63A6FFFD-385E-4534-9698-949C08C3B65F} = {250BEC5F-67C9-4DA9-AF5D-68D214FB34F9}
		{F00D123A-7119-4651-AAF6-32DF7021EA0B} = {41D71D41-57CB-4B08-8A36-5675C53CB255}
		{6E9B8FAA-15C7-4C5F-88C2-0FED254E1D8A} = {41D71D41-57CB-4B08-8A36-5675C53CB255}
		{F6C8ACA6-8C33-4261-9BC2-C68E07BB1BCF} = {A3230C59-0B01-4F2F-8C40-BB6C8A7EFDCC}
		{1915B7FB-1600-4192-B8A9-C61D667B6052} = {3E556124-9BDB-49D1-A326-418D31AC410A}
		{5524E9C7-4E61-4C8F-8820-B54B1B3B4997} = {3107846E-1842-4E8F-907C-78EB267C5C6A}
		{D6646D39-F972-423D-B0E4-ECE1149C1A95} = {250BEC5F-67C9-4DA9-AF5D-68D214FB34F9}
		{B85AF7E9-EFF6-4AF4-9A15-B853D7EBE832} = {A3230C59-0B01-4F2F-8C40-BB6C8A7EFDCC}
	EndGlobalSection
EndGlobal
